// !$*UTF8*$!
{
	archiveVersion = 1;
	classes = {
	};
	objectVersion = 56;
	objects = {

/* Begin PBXBuildFile section */
		C1A18EF22AE2C6B10048341D /* Pizza_PreviewApp.swift in Sources */ = {isa = PBXBuildFile; fileRef = C1A18EF12AE2C6B10048341D /* Pizza_PreviewApp.swift */; };
		C1A18EF42AE2C6B10048341D /* ContentView.swift in Sources */ = {isa = PBXBuildFile; fileRef = C1A18EF32AE2C6B10048341D /* ContentView.swift */; };
		C1A18EF62AE2C6B40048341D /* Assets.xcassets in Resources */ = {isa = PBXBuildFile; fileRef = C1A18EF52AE2C6B40048341D /* Assets.xcassets */; };
		C1A18EFA2AE2C6B40048341D /* Preview Assets.xcassets in Resources */ = {isa = PBXBuildFile; fileRef = C1A18EF92AE2C6B40048341D /* Preview Assets.xcassets */; };
		C1A18F042AE2C6B40048341D /* Pizza_PreviewTests.swift in Sources */ = {isa = PBXBuildFile; fileRef = C1A18F032AE2C6B40048341D /* Pizza_PreviewTests.swift */; };
		C1A18F0E2AE2C6B40048341D /* Pizza_PreviewUITests.swift in Sources */ = {isa = PBXBuildFile; fileRef = C1A18F0D2AE2C6B40048341D /* Pizza_PreviewUITests.swift */; };
		C1A18F102AE2C6B40048341D /* Pizza_PreviewUITestsLaunchTests.swift in Sources */ = {isa = PBXBuildFile; fileRef = C1A18F0F2AE2C6B40048341D /* Pizza_PreviewUITestsLaunchTests.swift */; };
		C1A18F1D2AE2CF880048341D /* PizzaView.swift in Sources */ = {isa = PBXBuildFile; fileRef = C1A18F1C2AE2CF880048341D /* PizzaView.swift */; };
		C1A18F1F2AE2CF8E0048341D /* MapView.swift in Sources */ = {isa = PBXBuildFile; fileRef = C1A18F1E2AE2CF8E0048341D /* MapView.swift */; };
/* End PBXBuildFile section */

/* Begin PBXContainerItemProxy section */
		C1A18F002AE2C6B40048341D /* PBXContainerItemProxy */ = {
			isa = PBXContainerItemProxy;
			containerPortal = C1A18EE62AE2C6B00048341D /* Project object */;
			proxyType = 1;
			remoteGlobalIDString = C1A18EED2AE2C6B10048341D;
			remoteInfo = "Pizza Preview";
		};
		C1A18F0A2AE2C6B40048341D /* PBXContainerItemProxy */ = {
			isa = PBXContainerItemProxy;
			containerPortal = C1A18EE62AE2C6B00048341D /* Project object */;
			proxyType = 1;
			remoteGlobalIDString = C1A18EED2AE2C6B10048341D;
			remoteInfo = "Pizza Preview";
		};
/* End PBXContainerItemProxy section */

/* Begin PBXFileReference section */
		C1A18EEE2AE2C6B10048341D /* Pizza Preview.app */ = {isa = PBXFileReference; explicitFileType = wrapper.application; includeInIndex = 0; path = "Pizza Preview.app"; sourceTree = BUILT_PRODUCTS_DIR; };
		C1A18EF12AE2C6B10048341D /* Pizza_PreviewApp.swift */ = {isa = PBXFileReference; lastKnownFileType = sourcecode.swift; path = Pizza_PreviewApp.swift; sourceTree = "<group>"; };
		C1A18EF32AE2C6B10048341D /* ContentView.swift */ = {isa = PBXFileReference; lastKnownFileType = sourcecode.swift; path = ContentView.swift; sourceTree = "<group>"; };
		C1A18EF52AE2C6B40048341D /* Assets.xcassets */ = {isa = PBXFileReference; lastKnownFileType = folder.assetcatalog; path = Assets.xcassets; sourceTree = "<group>"; };
		C1A18EF72AE2C6B40048341D /* Pizza_Preview.entitlements */ = {isa = PBXFileReference; lastKnownFileType = text.plist.entitlements; path = Pizza_Preview.entitlements; sourceTree = "<group>"; };
		C1A18EF92AE2C6B40048341D /* Preview Assets.xcassets */ = {isa = PBXFileReference; lastKnownFileType = folder.assetcatalog; path = "Preview Assets.xcassets"; sourceTree = "<group>"; };
		C1A18EFF2AE2C6B40048341D /* Pizza PreviewTests.xctest */ = {isa = PBXFileReference; explicitFileType = wrapper.cfbundle; includeInIndex = 0; path = "Pizza PreviewTests.xctest"; sourceTree = BUILT_PRODUCTS_DIR; };
		C1A18F032AE2C6B40048341D /* Pizza_PreviewTests.swift */ = {isa = PBXFileReference; lastKnownFileType = sourcecode.swift; path = Pizza_PreviewTests.swift; sourceTree = "<group>"; };
		C1A18F092AE2C6B40048341D /* Pizza PreviewUITests.xctest */ = {isa = PBXFileReference; explicitFileType = wrapper.cfbundle; includeInIndex = 0; path = "Pizza PreviewUITests.xctest"; sourceTree = BUILT_PRODUCTS_DIR; };
		C1A18F0D2AE2C6B40048341D /* Pizza_PreviewUITests.swift */ = {isa = PBXFileReference; lastKnownFileType = sourcecode.swift; path = Pizza_PreviewUITests.swift; sourceTree = "<group>"; };
		C1A18F0F2AE2C6B40048341D /* Pizza_PreviewUITestsLaunchTests.swift */ = {isa = PBXFileReference; lastKnownFileType = sourcecode.swift; path = Pizza_PreviewUITestsLaunchTests.swift; sourceTree = "<group>"; };
		C1A18F1C2AE2CF880048341D /* PizzaView.swift */ = {isa = PBXFileReference; lastKnownFileType = sourcecode.swift; path = PizzaView.swift; sourceTree = "<group>"; };
		C1A18F1E2AE2CF8E0048341D /* MapView.swift */ = {isa = PBXFileReference; lastKnownFileType = sourcecode.swift; path = MapView.swift; sourceTree = "<group>"; };
/* End PBXFileReference section */

/* Begin PBXFrameworksBuildPhase section */
		C1A18EEB2AE2C6B10048341D /* Frameworks */ = {
			isa = PBXFrameworksBuildPhase;
			buildActionMask = 2147483647;
			files = (
			);
			runOnlyForDeploymentPostprocessing = 0;
		};
		C1A18EFC2AE2C6B40048341D /* Frameworks */ = {
			isa = PBXFrameworksBuildPhase;
			buildActionMask = 2147483647;
			files = (
			);
			runOnlyForDeploymentPostprocessing = 0;
		};
		C1A18F062AE2C6B40048341D /* Frameworks */ = {
			isa = PBXFrameworksBuildPhase;
			buildActionMask = 2147483647;
			files = (
			);
			runOnlyForDeploymentPostprocessing = 0;
		};
/* End PBXFrameworksBuildPhase section */

/* Begin PBXGroup section */
		C1A18EE52AE2C6B00048341D = {
			isa = PBXGroup;
			children = (
				C1A18EF02AE2C6B10048341D /* Pizza Preview */,
				C1A18F022AE2C6B40048341D /* Pizza PreviewTests */,
				C1A18F0C2AE2C6B40048341D /* Pizza PreviewUITests */,
				C1A18EEF2AE2C6B10048341D /* Products */,
			);
			sourceTree = "<group>";
		};
		C1A18EEF2AE2C6B10048341D /* Products */ = {
			isa = PBXGroup;
			children = (
				C1A18EEE2AE2C6B10048341D /* Pizza Preview.app */,
				C1A18EFF2AE2C6B40048341D /* Pizza PreviewTests.xctest */,
				C1A18F092AE2C6B40048341D /* Pizza PreviewUITests.xctest */,
			);
			name = Products;
			sourceTree = "<group>";
		};
		C1A18EF02AE2C6B10048341D /* Pizza Preview */ = {
			isa = PBXGroup;
			children = (
				C1A18EF12AE2C6B10048341D /* Pizza_PreviewApp.swift */,
				C1A18EF32AE2C6B10048341D /* ContentView.swift */,
				C1A18F1C2AE2CF880048341D /* PizzaView.swift */,
				C1A18F1E2AE2CF8E0048341D /* MapView.swift */,
				C1A18EF52AE2C6B40048341D /* Assets.xcassets */,
				C1A18EF72AE2C6B40048341D /* Pizza_Preview.entitlements */,
				C1A18EF82AE2C6B40048341D /* Preview Content */,
			);
			path = "Pizza Preview";
			sourceTree = "<group>";
		};
		C1A18EF82AE2C6B40048341D /* Preview Content */ = {
			isa = PBXGroup;
			children = (
				C1A18EF92AE2C6B40048341D /* Preview Assets.xcassets */,
			);
			path = "Preview Content";
			sourceTree = "<group>";
		};
		C1A18F022AE2C6B40048341D /* Pizza PreviewTests */ = {
			isa = PBXGroup;
			children = (
				C1A18F032AE2C6B40048341D /* Pizza_PreviewTests.swift */,
			);
			path = "Pizza PreviewTests";
			sourceTree = "<group>";
		};
		C1A18F0C2AE2C6B40048341D /* Pizza PreviewUITests */ = {
			isa = PBXGroup;
			children = (
				C1A18F0D2AE2C6B40048341D /* Pizza_PreviewUITests.swift */,
				C1A18F0F2AE2C6B40048341D /* Pizza_PreviewUITestsLaunchTests.swift */,
			);
			path = "Pizza PreviewUITests";
			sourceTree = "<group>";
		};
/* End PBXGroup section */

/* Begin PBXNativeTarget section */
		C1A18EED2AE2C6B10048341D /* Pizza Preview */ = {
			isa = PBXNativeTarget;
			buildConfigurationList = C1A18F132AE2C6B40048341D /* Build configuration list for PBXNativeTarget "Pizza Preview" */;
			buildPhases = (
				C1A18EEA2AE2C6B10048341D /* Sources */,
				C1A18EEB2AE2C6B10048341D /* Frameworks */,
				C1A18EEC2AE2C6B10048341D /* Resources */,
			);
			buildRules = (
			);
			dependencies = (
			);
			name = "Pizza Preview";
			productName = "Pizza Preview";
			productReference = C1A18EEE2AE2C6B10048341D /* Pizza Preview.app */;
			productType = "com.apple.product-type.application";
		};
		C1A18EFE2AE2C6B40048341D /* Pizza PreviewTests */ = {
			isa = PBXNativeTarget;
			buildConfigurationList = C1A18F162AE2C6B40048341D /* Build configuration list for PBXNativeTarget "Pizza PreviewTests" */;
			buildPhases = (
				C1A18EFB2AE2C6B40048341D /* Sources */,
				C1A18EFC2AE2C6B40048341D /* Frameworks */,
				C1A18EFD2AE2C6B40048341D /* Resources */,
			);
			buildRules = (
			);
			dependencies = (
				C1A18F012AE2C6B40048341D /* PBXTargetDependency */,
			);
			name = "Pizza PreviewTests";
			productName = "Pizza PreviewTests";
			productReference = C1A18EFF2AE2C6B40048341D /* Pizza PreviewTests.xctest */;
			productType = "com.apple.product-type.bundle.unit-test";
		};
		C1A18F082AE2C6B40048341D /* Pizza PreviewUITests */ = {
			isa = PBXNativeTarget;
			buildConfigurationList = C1A18F192AE2C6B40048341D /* Build configuration list for PBXNativeTarget "Pizza PreviewUITests" */;
			buildPhases = (
				C1A18F052AE2C6B40048341D /* Sources */,
				C1A18F062AE2C6B40048341D /* Frameworks */,
				C1A18F072AE2C6B40048341D /* Resources */,
			);
			buildRules = (
			);
			dependencies = (
				C1A18F0B2AE2C6B40048341D /* PBXTargetDependency */,
			);
			name = "Pizza PreviewUITests";
			productName = "Pizza PreviewUITests";
			productReference = C1A18F092AE2C6B40048341D /* Pizza PreviewUITests.xctest */;
			productType = "com.apple.product-type.bundle.ui-testing";
		};
/* End PBXNativeTarget section */

/* Begin PBXProject section */
		C1A18EE62AE2C6B00048341D /* Project object */ = {
			isa = PBXProject;
			attributes = {
				BuildIndependentTargetsInParallel = 1;
				LastSwiftUpdateCheck = 1500;
				LastUpgradeCheck = 1500;
				TargetAttributes = {
					C1A18EED2AE2C6B10048341D = {
						CreatedOnToolsVersion = 15.0;
					};
					C1A18EFE2AE2C6B40048341D = {
						CreatedOnToolsVersion = 15.0;
						TestTargetID = C1A18EED2AE2C6B10048341D;
					};
					C1A18F082AE2C6B40048341D = {
						CreatedOnToolsVersion = 15.0;
						TestTargetID = C1A18EED2AE2C6B10048341D;
					};
				};
			};
			buildConfigurationList = C1A18EE92AE2C6B00048341D /* Build configuration list for PBXProject "Pizza Preview" */;
			compatibilityVersion = "Xcode 14.0";
			developmentRegion = en;
			hasScannedForEncodings = 0;
			knownRegions = (
				en,
				Base,
			);
			mainGroup = C1A18EE52AE2C6B00048341D;
			productRefGroup = C1A18EEF2AE2C6B10048341D /* Products */;
			projectDirPath = "";
			projectRoot = "";
			targets = (
				C1A18EED2AE2C6B10048341D /* Pizza Preview */,
				C1A18EFE2AE2C6B40048341D /* Pizza PreviewTests */,
				C1A18F082AE2C6B40048341D /* Pizza PreviewUITests */,
			);
		};
/* End PBXProject section */

/* Begin PBXResourcesBuildPhase section */
		C1A18EEC2AE2C6B10048341D /* Resources */ = {
			isa = PBXResourcesBuildPhase;
			buildActionMask = 2147483647;
			files = (
				C1A18EFA2AE2C6B40048341D /* Preview Assets.xcassets in Resources */,
				C1A18EF62AE2C6B40048341D /* Assets.xcassets in Resources */,
			);
			runOnlyForDeploymentPostprocessing = 0;
		};
		C1A18EFD2AE2C6B40048341D /* Resources */ = {
			isa = PBXResourcesBuildPhase;
			buildActionMask = 2147483647;
			files = (
			);
			runOnlyForDeploymentPostprocessing = 0;
		};
		C1A18F072AE2C6B40048341D /* Resources */ = {
			isa = PBXResourcesBuildPhase;
			buildActionMask = 2147483647;
			files = (
			);
			runOnlyForDeploymentPostprocessing = 0;
		};
/* End PBXResourcesBuildPhase section */

/* Begin PBXSourcesBuildPhase section */
		C1A18EEA2AE2C6B10048341D /* Sources */ = {
			isa = PBXSourcesBuildPhase;
			buildActionMask = 2147483647;
			files = (
				C1A18EF42AE2C6B10048341D /* ContentView.swift in Sources */,
				C1A18F1F2AE2CF8E0048341D /* MapView.swift in Sources */,
				C1A18F1D2AE2CF880048341D /* PizzaView.swift in Sources */,
				C1A18EF22AE2C6B10048341D /* Pizza_PreviewApp.swift in Sources */,
			);
			runOnlyForDeploymentPostprocessing = 0;
		};
		C1A18EFB2AE2C6B40048341D /* Sources */ = {
			isa = PBXSourcesBuildPhase;
			buildActionMask = 2147483647;
			files = (
				C1A18F042AE2C6B40048341D /* Pizza_PreviewTests.swift in Sources */,
			);
			runOnlyForDeploymentPostprocessing = 0;
		};
		C1A18F052AE2C6B40048341D /* Sources */ = {
			isa = PBXSourcesBuildPhase;
			buildActionMask = 2147483647;
			files = (
				C1A18F102AE2C6B40048341D /* Pizza_PreviewUITestsLaunchTests.swift in Sources */,
				C1A18F0E2AE2C6B40048341D /* Pizza_PreviewUITests.swift in Sources */,
			);
			runOnlyForDeploymentPostprocessing = 0;
		};
/* End PBXSourcesBuildPhase section */

/* Begin PBXTargetDependency section */
		C1A18F012AE2C6B40048341D /* PBXTargetDependency */ = {
			isa = PBXTargetDependency;
			target = C1A18EED2AE2C6B10048341D /* Pizza Preview */;
			targetProxy = C1A18F002AE2C6B40048341D /* PBXContainerItemProxy */;
		};
		C1A18F0B2AE2C6B40048341D /* PBXTargetDependency */ = {
			isa = PBXTargetDependency;
			target = C1A18EED2AE2C6B10048341D /* Pizza Preview */;
			targetProxy = C1A18F0A2AE2C6B40048341D /* PBXContainerItemProxy */;
		};
/* End PBXTargetDependency section */

/* Begin XCBuildConfiguration section */
		C1A18F112AE2C6B40048341D /* Debug */ = {
			isa = XCBuildConfiguration;
			buildSettings = {
				ALWAYS_SEARCH_USER_PATHS = NO;
				ASSETCATALOG_COMPILER_GENERATE_SWIFT_ASSET_SYMBOL_EXTENSIONS = YES;
				CLANG_ANALYZER_NONNULL = YES;
				CLANG_ANALYZER_NUMBER_OBJECT_CONVERSION = YES_AGGRESSIVE;
				CLANG_CXX_LANGUAGE_STANDARD = "gnu++20";
				CLANG_ENABLE_MODULES = YES;
				CLANG_ENABLE_OBJC_ARC = YES;
				CLANG_ENABLE_OBJC_WEAK = YES;
				CLANG_WARN_BLOCK_CAPTURE_AUTORELEASING = YES;
				CLANG_WARN_BOOL_CONVERSION = YES;
				CLANG_WARN_COMMA = YES;
				CLANG_WARN_CONSTANT_CONVERSION = YES;
				CLANG_WARN_DEPRECATED_OBJC_IMPLEMENTATIONS = YES;
				CLANG_WARN_DIRECT_OBJC_ISA_USAGE = YES_ERROR;
				CLANG_WARN_DOCUMENTATION_COMMENTS = YES;
				CLANG_WARN_EMPTY_BODY = YES;
				CLANG_WARN_ENUM_CONVERSION = YES;
				CLANG_WARN_INFINITE_RECURSION = YES;
				CLANG_WARN_INT_CONVERSION = YES;
				CLANG_WARN_NON_LITERAL_NULL_CONVERSION = YES;
				CLANG_WARN_OBJC_IMPLICIT_RETAIN_SELF = YES;
				CLANG_WARN_OBJC_LITERAL_CONVERSION = YES;
				CLANG_WARN_OBJC_ROOT_CLASS = YES_ERROR;
				CLANG_WARN_QUOTED_INCLUDE_IN_FRAMEWORK_HEADER = YES;
				CLANG_WARN_RANGE_LOOP_ANALYSIS = YES;
				CLANG_WARN_STRICT_PROTOTYPES = YES;
				CLANG_WARN_SUSPICIOUS_MOVE = YES;
				CLANG_WARN_UNGUARDED_AVAILABILITY = YES_AGGRESSIVE;
				CLANG_WARN_UNREACHABLE_CODE = YES;
				CLANG_WARN__DUPLICATE_METHOD_MATCH = YES;
				COPY_PHASE_STRIP = NO;
				DEBUG_INFORMATION_FORMAT = dwarf;
				ENABLE_STRICT_OBJC_MSGSEND = YES;
				ENABLE_TESTABILITY = YES;
				ENABLE_USER_SCRIPT_SANDBOXING = YES;
				GCC_C_LANGUAGE_STANDARD = gnu17;
				GCC_DYNAMIC_NO_PIC = NO;
				GCC_NO_COMMON_BLOCKS = YES;
				GCC_OPTIMIZATION_LEVEL = 0;
				GCC_PREPROCESSOR_DEFINITIONS = (
					"DEBUG=1",
					"$(inherited)",
				);
				GCC_WARN_64_TO_32_BIT_CONVERSION = YES;
				GCC_WARN_ABOUT_RETURN_TYPE = YES_ERROR;
				GCC_WARN_UNDECLARED_SELECTOR = YES;
				GCC_WARN_UNINITIALIZED_AUTOS = YES_AGGRESSIVE;
				GCC_WARN_UNUSED_FUNCTION = YES;
				GCC_WARN_UNUSED_VARIABLE = YES;
				LOCALIZATION_PREFERS_STRING_CATALOGS = YES;
				MTL_ENABLE_DEBUG_INFO = INCLUDE_SOURCE;
				MTL_FAST_MATH = YES;
				ONLY_ACTIVE_ARCH = YES;
				SWIFT_ACTIVE_COMPILATION_CONDITIONS = "DEBUG $(inherited)";
				SWIFT_OPTIMIZATION_LEVEL = "-Onone";
			};
			name = Debug;
		};
		C1A18F122AE2C6B40048341D /* Release */ = {
			isa = XCBuildConfiguration;
			buildSettings = {
				ALWAYS_SEARCH_USER_PATHS = NO;
				ASSETCATALOG_COMPILER_GENERATE_SWIFT_ASSET_SYMBOL_EXTENSIONS = YES;
				CLANG_ANALYZER_NONNULL = YES;
				CLANG_ANALYZER_NUMBER_OBJECT_CONVERSION = YES_AGGRESSIVE;
				CLANG_CXX_LANGUAGE_STANDARD = "gnu++20";
				CLANG_ENABLE_MODULES = YES;
				CLANG_ENABLE_OBJC_ARC = YES;
				CLANG_ENABLE_OBJC_WEAK = YES;
				CLANG_WARN_BLOCK_CAPTURE_AUTORELEASING = YES;
				CLANG_WARN_BOOL_CONVERSION = YES;
				CLANG_WARN_COMMA = YES;
				CLANG_WARN_CONSTANT_CONVERSION = YES;
				CLANG_WARN_DEPRECATED_OBJC_IMPLEMENTATIONS = YES;
				CLANG_WARN_DIRECT_OBJC_ISA_USAGE = YES_ERROR;
				CLANG_WARN_DOCUMENTATION_COMMENTS = YES;
				CLANG_WARN_EMPTY_BODY = YES;
				CLANG_WARN_ENUM_CONVERSION = YES;
				CLANG_WARN_INFINITE_RECURSION = YES;
				CLANG_WARN_INT_CONVERSION = YES;
				CLANG_WARN_NON_LITERAL_NULL_CONVERSION = YES;
				CLANG_WARN_OBJC_IMPLICIT_RETAIN_SELF = YES;
				CLANG_WARN_OBJC_LITERAL_CONVERSION = YES;
				CLANG_WARN_OBJC_ROOT_CLASS = YES_ERROR;
				CLANG_WARN_QUOTED_INCLUDE_IN_FRAMEWORK_HEADER = YES;
				CLANG_WARN_RANGE_LOOP_ANALYSIS = YES;
				CLANG_WARN_STRICT_PROTOTYPES = YES;
				CLANG_WARN_SUSPICIOUS_MOVE = YES;
				CLANG_WARN_UNGUARDED_AVAILABILITY = YES_AGGRESSIVE;
				CLANG_WARN_UNREACHABLE_CODE = YES;
				CLANG_WARN__DUPLICATE_METHOD_MATCH = YES;
				COPY_PHASE_STRIP = NO;
				DEBUG_INFORMATION_FORMAT = "dwarf-with-dsym";
				ENABLE_NS_ASSERTIONS = NO;
				ENABLE_STRICT_OBJC_MSGSEND = YES;
				ENABLE_USER_SCRIPT_SANDBOXING = YES;
				GCC_C_LANGUAGE_STANDARD = gnu17;
				GCC_NO_COMMON_BLOCKS = YES;
				GCC_WARN_64_TO_32_BIT_CONVERSION = YES;
				GCC_WARN_ABOUT_RETURN_TYPE = YES_ERROR;
				GCC_WARN_UNDECLARED_SELECTOR = YES;
				GCC_WARN_UNINITIALIZED_AUTOS = YES_AGGRESSIVE;
				GCC_WARN_UNUSED_FUNCTION = YES;
				GCC_WARN_UNUSED_VARIABLE = YES;
				LOCALIZATION_PREFERS_STRING_CATALOGS = YES;
				MTL_ENABLE_DEBUG_INFO = NO;
				MTL_FAST_MATH = YES;
				SWIFT_COMPILATION_MODE = wholemodule;
			};
			name = Release;
		};
		C1A18F142AE2C6B40048341D /* Debug */ = {
			isa = XCBuildConfiguration;
			buildSettings = {
				ASSETCATALOG_COMPILER_APPICON_NAME = AppIcon;
				ASSETCATALOG_COMPILER_GLOBAL_ACCENT_COLOR_NAME = AccentColor;
				CODE_SIGN_ENTITLEMENTS = "Pizza Preview/Pizza_Preview.entitlements";
				CODE_SIGN_STYLE = Automatic;
				CURRENT_PROJECT_VERSION = 1;
				DEVELOPMENT_ASSET_PATHS = "\"Pizza Preview/Preview Content\"";
				ENABLE_PREVIEWS = YES;
				GENERATE_INFOPLIST_FILE = YES;
				"INFOPLIST_KEY_UIApplicationSceneManifest_Generation[sdk=iphoneos*]" = YES;
				"INFOPLIST_KEY_UIApplicationSceneManifest_Generation[sdk=iphonesimulator*]" = YES;
				"INFOPLIST_KEY_UIApplicationSupportsIndirectInputEvents[sdk=iphoneos*]" = YES;
				"INFOPLIST_KEY_UIApplicationSupportsIndirectInputEvents[sdk=iphonesimulator*]" = YES;
				"INFOPLIST_KEY_UILaunchScreen_Generation[sdk=iphoneos*]" = YES;
				"INFOPLIST_KEY_UILaunchScreen_Generation[sdk=iphonesimulator*]" = YES;
				"INFOPLIST_KEY_UIStatusBarStyle[sdk=iphoneos*]" = UIStatusBarStyleDefault;
				"INFOPLIST_KEY_UIStatusBarStyle[sdk=iphonesimulator*]" = UIStatusBarStyleDefault;
				INFOPLIST_KEY_UISupportedInterfaceOrientations_iPad = "UIInterfaceOrientationPortrait UIInterfaceOrientationPortraitUpsideDown UIInterfaceOrientationLandscapeLeft UIInterfaceOrientationLandscapeRight";
				INFOPLIST_KEY_UISupportedInterfaceOrientations_iPhone = "UIInterfaceOrientationPortrait UIInterfaceOrientationLandscapeLeft UIInterfaceOrientationLandscapeRight";
				IPHONEOS_DEPLOYMENT_TARGET = 17.0;
				LD_RUNPATH_SEARCH_PATHS = "@executable_path/Frameworks";
				"LD_RUNPATH_SEARCH_PATHS[sdk=macosx*]" = "@executable_path/../Frameworks";
				MACOSX_DEPLOYMENT_TARGET = 14.0;
				MARKETING_VERSION = 1.0;
				PRODUCT_BUNDLE_IDENTIFIER = "-.Pizza-Preview";
				PRODUCT_NAME = "$(TARGET_NAME)";
				SDKROOT = auto;
				SUPPORTED_PLATFORMS = "iphoneos iphonesimulator macosx";
				SWIFT_EMIT_LOC_STRINGS = YES;
				SWIFT_VERSION = 5.0;
				TARGETED_DEVICE_FAMILY = "1,2";
			};
			name = Debug;
		};
		C1A18F152AE2C6B40048341D /* Release */ = {
			isa = XCBuildConfiguration;
			buildSettings = {
				ASSETCATALOG_COMPILER_APPICON_NAME = AppIcon;
				ASSETCATALOG_COMPILER_GLOBAL_ACCENT_COLOR_NAME = AccentColor;
				CODE_SIGN_ENTITLEMENTS = "Pizza Preview/Pizza_Preview.entitlements";
				CODE_SIGN_STYLE = Automatic;
				CURRENT_PROJECT_VERSION = 1;
				DEVELOPMENT_ASSET_PATHS = "\"Pizza Preview/Preview Content\"";
				ENABLE_PREVIEWS = YES;
				GENERATE_INFOPLIST_FILE = YES;
				"INFOPLIST_KEY_UIApplicationSceneManifest_Generation[sdk=iphoneos*]" = YES;
				"INFOPLIST_KEY_UIApplicationSceneManifest_Generation[sdk=iphonesimulator*]" = YES;
				"INFOPLIST_KEY_UIApplicationSupportsIndirectInputEvents[sdk=iphoneos*]" = YES;
				"INFOPLIST_KEY_UIApplicationSupportsIndirectInputEvents[sdk=iphonesimulator*]" = YES;
				"INFOPLIST_KEY_UILaunchScreen_Generation[sdk=iphoneos*]" = YES;
				"INFOPLIST_KEY_UILaunchScreen_Generation[sdk=iphonesimulator*]" = YES;
				"INFOPLIST_KEY_UIStatusBarStyle[sdk=iphoneos*]" = UIStatusBarStyleDefault;
				"INFOPLIST_KEY_UIStatusBarStyle[sdk=iphonesimulator*]" = UIStatusBarStyleDefault;
				INFOPLIST_KEY_UISupportedInterfaceOrientations_iPad = "UIInterfaceOrientationPortrait UIInterfaceOrientationPortraitUpsideDown UIInterfaceOrientationLandscapeLeft UIInterfaceOrientationLandscapeRight";
				INFOPLIST_KEY_UISupportedInterfaceOrientations_iPhone = "UIInterfaceOrientationPortrait UIInterfaceOrientationLandscapeLeft UIInterfaceOrientationLandscapeRight";
				IPHONEOS_DEPLOYMENT_TARGET = 17.0;
				LD_RUNPATH_SEARCH_PATHS = "@executable_path/Frameworks";
				"LD_RUNPATH_SEARCH_PATHS[sdk=macosx*]" = "@executable_path/../Frameworks";
				MACOSX_DEPLOYMENT_TARGET = 14.0;
				MARKETING_VERSION = 1.0;
				PRODUCT_BUNDLE_IDENTIFIER = "-.Pizza-Preview";
				PRODUCT_NAME = "$(TARGET_NAME)";
				SDKROOT = auto;
				SUPPORTED_PLATFORMS = "iphoneos iphonesimulator macosx";
				SWIFT_EMIT_LOC_STRINGS = YES;
				SWIFT_VERSION = 5.0;
				TARGETED_DEVICE_FAMILY = "1,2";
			};
			name = Release;
		};
		C1A18F172AE2C6B40048341D /* Debug */ = {
			isa = XCBuildConfiguration;
			buildSettings = {
				ALWAYS_EMBED_SWIFT_STANDARD_LIBRARIES = YES;
				BUNDLE_LOADER = "$(TEST_HOST)";
				CODE_SIGN_STYLE = Automatic;
				CURRENT_PROJECT_VERSION = 1;
				GENERATE_INFOPLIST_FILE = YES;
				IPHONEOS_DEPLOYMENT_TARGET = 17.0;
				MACOSX_DEPLOYMENT_TARGET = 14.0;
				MARKETING_VERSION = 1.0;
				PRODUCT_BUNDLE_IDENTIFIER = "-.Pizza-PreviewTests";
				PRODUCT_NAME = "$(TARGET_NAME)";
				SDKROOT = auto;
				SUPPORTED_PLATFORMS = "iphoneos iphonesimulator macosx";
				SWIFT_EMIT_LOC_STRINGS = NO;
				SWIFT_VERSION = 5.0;
				TARGETED_DEVICE_FAMILY = "1,2";
				TEST_HOST = "$(BUILT_PRODUCTS_DIR)/Pizza Preview.app/$(BUNDLE_EXECUTABLE_FOLDER_PATH)/Pizza Preview";
			};
			name = Debug;
		};
		C1A18F182AE2C6B40048341D /* Release */ = {
			isa = XCBuildConfiguration;
			buildSettings = {
				ALWAYS_EMBED_SWIFT_STANDARD_LIBRARIES = YES;
				BUNDLE_LOADER = "$(TEST_HOST)";
				CODE_SIGN_STYLE = Automatic;
				CURRENT_PROJECT_VERSION = 1;
				GENERATE_INFOPLIST_FILE = YES;
				IPHONEOS_DEPLOYMENT_TARGET = 17.0;
				MACOSX_DEPLOYMENT_TARGET = 14.0;
				MARKETING_VERSION = 1.0;
				PRODUCT_BUNDLE_IDENTIFIER = "-.Pizza-PreviewTests";
				PRODUCT_NAME = "$(TARGET_NAME)";
				SDKROOT = auto;
				SUPPORTED_PLATFORMS = "iphoneos iphonesimulator macosx";
				SWIFT_EMIT_LOC_STRINGS = NO;
				SWIFT_VERSION = 5.0;
				TARGETED_DEVICE_FAMILY = "1,2";
				TEST_HOST = "$(BUILT_PRODUCTS_DIR)/Pizza Preview.app/$(BUNDLE_EXECUTABLE_FOLDER_PATH)/Pizza Preview";
			};
			name = Release;
		};
		C1A18F1A2AE2C6B40048341D /* Debug */ = {
			isa = XCBuildConfiguration;
			buildSettings = {
				ALWAYS_EMBED_SWIFT_STANDARD_LIBRARIES = YES;
				CODE_SIGN_STYLE = Automatic;
				CURRENT_PROJECT_VERSION = 1;
				GENERATE_INFOPLIST_FILE = YES;
				IPHONEOS_DEPLOYMENT_TARGET = 17.0;
				MACOSX_DEPLOYMENT_TARGET = 14.0;
				MARKETING_VERSION = 1.0;
				PRODUCT_BUNDLE_IDENTIFIER = "-.Pizza-PreviewUITests";
				PRODUCT_NAME = "$(TARGET_NAME)";
				SDKROOT = auto;
				SUPPORTED_PLATFORMS = "iphoneos iphonesimulator macosx";
				SWIFT_EMIT_LOC_STRINGS = NO;
				SWIFT_VERSION = 5.0;
				TARGETED_DEVICE_FAMILY = "1,2";
				TEST_TARGET_NAME = "Pizza Preview";
			};
			name = Debug;
		};
		C1A18F1B2AE2C6B40048341D /* Release */ = {
			isa = XCBuildConfiguration;
			buildSettings = {
				ALWAYS_EMBED_SWIFT_STANDARD_LIBRARIES = YES;
				CODE_SIGN_STYLE = Automatic;
				CURRENT_PROJECT_VERSION = 1;
				GENERATE_INFOPLIST_FILE = YES;
				IPHONEOS_DEPLOYMENT_TARGET = 17.0;
				MACOSX_DEPLOYMENT_TARGET = 14.0;
				MARKETING_VERSION = 1.0;
				PRODUCT_BUNDLE_IDENTIFIER = "-.Pizza-PreviewUITests";
				PRODUCT_NAME = "$(TARGET_NAME)";
				SDKROOT = auto;
				SUPPORTED_PLATFORMS = "iphoneos iphonesimulator macosx";
				SWIFT_EMIT_LOC_STRINGS = NO;
				SWIFT_VERSION = 5.0;
				TARGETED_DEVICE_FAMILY = "1,2";
				TEST_TARGET_NAME = "Pizza Preview";
			};
			name = Release;
		};
/* End XCBuildConfiguration section */

/* Begin XCConfigurationList section */
		C1A18EE92AE2C6B00048341D /* Build configuration list for PBXProject "Pizza Preview" */ = {
			isa = XCConfigurationList;
			buildConfigurations = (
				C1A18F112AE2C6B40048341D /* Debug */,
				C1A18F122AE2C6B40048341D /* Release */,
			);
			defaultConfigurationIsVisible = 0;
			defaultConfigurationName = Release;
		};
		C1A18F132AE2C6B40048341D /* Build configuration list for PBXNativeTarget "Pizza Preview" */ = {
			isa = XCConfigurationList;
			buildConfigurations = (
				C1A18F142AE2C6B40048341D /* Debug */,
				C1A18F152AE2C6B40048341D /* Release */,
			);
			defaultConfigurationIsVisible = 0;
			defaultConfigurationName = Release;
		};
		C1A18F162AE2C6B40048341D /* Build configuration list for PBXNativeTarget "Pizza PreviewTests" */ = {
			isa = XCConfigurationList;
			buildConfigurations = (
				C1A18F172AE2C6B40048341D /* Debug */,
				C1A18F182AE2C6B40048341D /* Release */,
			);
			defaultConfigurationIsVisible = 0;
			defaultConfigurationName = Release;
		};
		C1A18F192AE2C6B40048341D /* Build configuration list for PBXNativeTarget "Pizza PreviewUITests" */ = {
			isa = XCConfigurationList;
			buildConfigurations = (
				C1A18F1A2AE2C6B40048341D /* Debug */,
				C1A18F1B2AE2C6B40048341D /* Release */,
			);
			defaultConfigurationIsVisible = 0;
			defaultConfigurationName = Release;
		};
/* End XCConfigurationList section */
	};
	rootObject = C1A18EE62AE2C6B00048341D /* Project object */;
}
