// !$*UTF8*$!
{
	archiveVersion = 1;
	classes = {
	};
	objectVersion = 56;
	objects = {

/* Begin PBXBuildFile section */
		C11D8AB52AFA62320016A552 /* AddQuestionView.swift in Sources */ = {isa = PBXBuildFile; fileRef = C11D8AB42AFA62320016A552 /* AddQuestionView.swift */; };
		C11D8AB82AFA69C20016A552 /* RegistrationViewViewModel.swift in Sources */ = {isa = PBXBuildFile; fileRef = C11D8AB72AFA69C20016A552 /* RegistrationViewViewModel.swift */; };
		C11D8ABA2AFA6CC00016A552 /* User.swift in Sources */ = {isa = PBXBuildFile; fileRef = C11D8AB92AFA6CC00016A552 /* User.swift */; };
		C11D8ABC2AFA6D6B0016A552 /* RegistrationView.swift in Sources */ = {isa = PBXBuildFile; fileRef = C11D8ABB2AFA6D6B0016A552 /* RegistrationView.swift */; };
		C11D8ABE2AFA6EEB0016A552 /* ProfileViewViewModel.swift in Sources */ = {isa = PBXBuildFile; fileRef = C11D8ABD2AFA6EEB0016A552 /* ProfileViewViewModel.swift */; };
		C11D8AC12AFA73400016A552 /* Extensions.swift in Sources */ = {isa = PBXBuildFile; fileRef = C11D8AC02AFA73400016A552 /* Extensions.swift */; };
		C11D8AC32AFA74390016A552 /* MainViewViewModel.swift in Sources */ = {isa = PBXBuildFile; fileRef = C11D8AC22AFA74390016A552 /* MainViewViewModel.swift */; };
		C11D8AC52AFABA560016A552 /* LoginView.swift in Sources */ = {isa = PBXBuildFile; fileRef = C11D8AC42AFABA560016A552 /* LoginView.swift */; };
		C11D8AC92AFABCCF0016A552 /* LoginViewViewModel.swift in Sources */ = {isa = PBXBuildFile; fileRef = C11D8AC82AFABCCF0016A552 /* LoginViewViewModel.swift */; };
		C12A06D12AF699ED004BCD12 /* QuestionsView.swift in Sources */ = {isa = PBXBuildFile; fileRef = C12A06D02AF699ED004BCD12 /* QuestionsView.swift */; };
		C12A06D32AF84952004BCD12 /* ProfileView.swift in Sources */ = {isa = PBXBuildFile; fileRef = C12A06D22AF84951004BCD12 /* ProfileView.swift */; };
		C1C981172AF6591400E21C45 /* QuizApp.swift in Sources */ = {isa = PBXBuildFile; fileRef = C1C981162AF6591400E21C45 /* QuizApp.swift */; };
		C1C981192AF6591400E21C45 /* ContentView.swift in Sources */ = {isa = PBXBuildFile; fileRef = C1C981182AF6591400E21C45 /* ContentView.swift */; };
		C1C9811B2AF6591500E21C45 /* Assets.xcassets in Resources */ = {isa = PBXBuildFile; fileRef = C1C9811A2AF6591500E21C45 /* Assets.xcassets */; };
		C1C9811F2AF6591500E21C45 /* Preview Assets.xcassets in Resources */ = {isa = PBXBuildFile; fileRef = C1C9811E2AF6591500E21C45 /* Preview Assets.xcassets */; };
		C1C981292AF6591500E21C45 /* QuizTests.swift in Sources */ = {isa = PBXBuildFile; fileRef = C1C981282AF6591500E21C45 /* QuizTests.swift */; };
		C1C981332AF6591500E21C45 /* QuizUITests.swift in Sources */ = {isa = PBXBuildFile; fileRef = C1C981322AF6591500E21C45 /* QuizUITests.swift */; };
		C1C981352AF6591500E21C45 /* QuizUITestsLaunchTests.swift in Sources */ = {isa = PBXBuildFile; fileRef = C1C981342AF6591500E21C45 /* QuizUITestsLaunchTests.swift */; };
		C1C981442AF662A900E21C45 /* GoogleService-Info.plist in Resources */ = {isa = PBXBuildFile; fileRef = C1C981432AF662A900E21C45 /* GoogleService-Info.plist */; };
		C1C981472AF6636600E21C45 /* FirebaseAuth in Frameworks */ = {isa = PBXBuildFile; productRef = C1C981462AF6636600E21C45 /* FirebaseAuth */; };
		C1C981492AF6636600E21C45 /* FirebaseFirestore in Frameworks */ = {isa = PBXBuildFile; productRef = C1C981482AF6636600E21C45 /* FirebaseFirestore */; };
		C1C9814B2AF6636600E21C45 /* FirebaseFirestoreSwift in Frameworks */ = {isa = PBXBuildFile; productRef = C1C9814A2AF6636600E21C45 /* FirebaseFirestoreSwift */; };
		C1C9814F2AF6640B00E21C45 /* HomeView.swift in Sources */ = {isa = PBXBuildFile; fileRef = C1C9814E2AF6640B00E21C45 /* HomeView.swift */; };
		C1C981512AF6641E00E21C45 /* Info.swift in Sources */ = {isa = PBXBuildFile; fileRef = C1C981502AF6641D00E21C45 /* Info.swift */; };
		C1C981532AF6646D00E21C45 /* Question.swift in Sources */ = {isa = PBXBuildFile; fileRef = C1C981522AF6646D00E21C45 /* Question.swift */; };
/* End PBXBuildFile section */

/* Begin PBXContainerItemProxy section */
		C1C981252AF6591500E21C45 /* PBXContainerItemProxy */ = {
			isa = PBXContainerItemProxy;
			containerPortal = C1C9810B2AF6591400E21C45 /* Project object */;
			proxyType = 1;
			remoteGlobalIDString = C1C981122AF6591400E21C45;
			remoteInfo = Quiz;
		};
		C1C9812F2AF6591500E21C45 /* PBXContainerItemProxy */ = {
			isa = PBXContainerItemProxy;
			containerPortal = C1C9810B2AF6591400E21C45 /* Project object */;
			proxyType = 1;
			remoteGlobalIDString = C1C981122AF6591400E21C45;
			remoteInfo = Quiz;
		};
/* End PBXContainerItemProxy section */

/* Begin PBXFileReference section */
		C11D8AB42AFA62320016A552 /* AddQuestionView.swift */ = {isa = PBXFileReference; lastKnownFileType = sourcecode.swift; path = AddQuestionView.swift; sourceTree = "<group>"; };
		C11D8AB72AFA69C20016A552 /* RegistrationViewViewModel.swift */ = {isa = PBXFileReference; lastKnownFileType = sourcecode.swift; path = RegistrationViewViewModel.swift; sourceTree = "<group>"; };
		C11D8AB92AFA6CC00016A552 /* User.swift */ = {isa = PBXFileReference; lastKnownFileType = sourcecode.swift; path = User.swift; sourceTree = "<group>"; };
		C11D8ABB2AFA6D6B0016A552 /* RegistrationView.swift */ = {isa = PBXFileReference; lastKnownFileType = sourcecode.swift; path = RegistrationView.swift; sourceTree = "<group>"; };
		C11D8ABD2AFA6EEB0016A552 /* ProfileViewViewModel.swift */ = {isa = PBXFileReference; lastKnownFileType = sourcecode.swift; path = ProfileViewViewModel.swift; sourceTree = "<group>"; };
		C11D8AC02AFA73400016A552 /* Extensions.swift */ = {isa = PBXFileReference; lastKnownFileType = sourcecode.swift; path = Extensions.swift; sourceTree = "<group>"; };
		C11D8AC22AFA74390016A552 /* MainViewViewModel.swift */ = {isa = PBXFileReference; lastKnownFileType = sourcecode.swift; path = MainViewViewModel.swift; sourceTree = "<group>"; };
		C11D8AC42AFABA560016A552 /* LoginView.swift */ = {isa = PBXFileReference; lastKnownFileType = sourcecode.swift; path = LoginView.swift; sourceTree = "<group>"; };
		C11D8AC82AFABCCF0016A552 /* LoginViewViewModel.swift */ = {isa = PBXFileReference; lastKnownFileType = sourcecode.swift; path = LoginViewViewModel.swift; sourceTree = "<group>"; };
		C12A06D02AF699ED004BCD12 /* QuestionsView.swift */ = {isa = PBXFileReference; lastKnownFileType = sourcecode.swift; path = QuestionsView.swift; sourceTree = "<group>"; };
		C12A06D22AF84951004BCD12 /* ProfileView.swift */ = {isa = PBXFileReference; lastKnownFileType = sourcecode.swift; path = ProfileView.swift; sourceTree = "<group>"; };
		C1C981132AF6591400E21C45 /* Quiz.app */ = {isa = PBXFileReference; explicitFileType = wrapper.application; includeInIndex = 0; path = Quiz.app; sourceTree = BUILT_PRODUCTS_DIR; };
		C1C981162AF6591400E21C45 /* QuizApp.swift */ = {isa = PBXFileReference; lastKnownFileType = sourcecode.swift; path = QuizApp.swift; sourceTree = "<group>"; };
		C1C981182AF6591400E21C45 /* ContentView.swift */ = {isa = PBXFileReference; lastKnownFileType = sourcecode.swift; path = ContentView.swift; sourceTree = "<group>"; };
		C1C9811A2AF6591500E21C45 /* Assets.xcassets */ = {isa = PBXFileReference; lastKnownFileType = folder.assetcatalog; path = Assets.xcassets; sourceTree = "<group>"; };
		C1C9811C2AF6591500E21C45 /* Quiz.entitlements */ = {isa = PBXFileReference; lastKnownFileType = text.plist.entitlements; path = Quiz.entitlements; sourceTree = "<group>"; };
		C1C9811E2AF6591500E21C45 /* Preview Assets.xcassets */ = {isa = PBXFileReference; lastKnownFileType = folder.assetcatalog; path = "Preview Assets.xcassets"; sourceTree = "<group>"; };
		C1C981242AF6591500E21C45 /* QuizTests.xctest */ = {isa = PBXFileReference; explicitFileType = wrapper.cfbundle; includeInIndex = 0; path = QuizTests.xctest; sourceTree = BUILT_PRODUCTS_DIR; };
		C1C981282AF6591500E21C45 /* QuizTests.swift */ = {isa = PBXFileReference; lastKnownFileType = sourcecode.swift; path = QuizTests.swift; sourceTree = "<group>"; };
		C1C9812E2AF6591500E21C45 /* QuizUITests.xctest */ = {isa = PBXFileReference; explicitFileType = wrapper.cfbundle; includeInIndex = 0; path = QuizUITests.xctest; sourceTree = BUILT_PRODUCTS_DIR; };
		C1C981322AF6591500E21C45 /* QuizUITests.swift */ = {isa = PBXFileReference; lastKnownFileType = sourcecode.swift; path = QuizUITests.swift; sourceTree = "<group>"; };
		C1C981342AF6591500E21C45 /* QuizUITestsLaunchTests.swift */ = {isa = PBXFileReference; lastKnownFileType = sourcecode.swift; path = QuizUITestsLaunchTests.swift; sourceTree = "<group>"; };
		C1C981432AF662A900E21C45 /* GoogleService-Info.plist */ = {isa = PBXFileReference; fileEncoding = 4; lastKnownFileType = text.plist.xml; path = "GoogleService-Info.plist"; sourceTree = "<group>"; };
		C1C9814E2AF6640B00E21C45 /* HomeView.swift */ = {isa = PBXFileReference; lastKnownFileType = sourcecode.swift; path = HomeView.swift; sourceTree = "<group>"; };
		C1C981502AF6641D00E21C45 /* Info.swift */ = {isa = PBXFileReference; lastKnownFileType = sourcecode.swift; path = Info.swift; sourceTree = "<group>"; };
		C1C981522AF6646D00E21C45 /* Question.swift */ = {isa = PBXFileReference; lastKnownFileType = sourcecode.swift; path = Question.swift; sourceTree = "<group>"; };
/* End PBXFileReference section */

/* Begin PBXFrameworksBuildPhase section */
		C1C981102AF6591400E21C45 /* Frameworks */ = {
			isa = PBXFrameworksBuildPhase;
			buildActionMask = 2147483647;
			files = (
				C1C981472AF6636600E21C45 /* FirebaseAuth in Frameworks */,
				C1C981492AF6636600E21C45 /* FirebaseFirestore in Frameworks */,
				C1C9814B2AF6636600E21C45 /* FirebaseFirestoreSwift in Frameworks */,
			);
			runOnlyForDeploymentPostprocessing = 0;
		};
		C1C981212AF6591500E21C45 /* Frameworks */ = {
			isa = PBXFrameworksBuildPhase;
			buildActionMask = 2147483647;
			files = (
			);
			runOnlyForDeploymentPostprocessing = 0;
		};
		C1C9812B2AF6591500E21C45 /* Frameworks */ = {
			isa = PBXFrameworksBuildPhase;
			buildActionMask = 2147483647;
			files = (
			);
			runOnlyForDeploymentPostprocessing = 0;
		};
/* End PBXFrameworksBuildPhase section */

/* Begin PBXGroup section */
		C11D8AB62AFA69A50016A552 /* ViewModel */ = {
			isa = PBXGroup;
			children = (
				C11D8AB72AFA69C20016A552 /* RegistrationViewViewModel.swift */,
				C11D8ABD2AFA6EEB0016A552 /* ProfileViewViewModel.swift */,
				C11D8AC22AFA74390016A552 /* MainViewViewModel.swift */,
				C11D8AC82AFABCCF0016A552 /* LoginViewViewModel.swift */,
			);
			path = ViewModel;
			sourceTree = "<group>";
		};
		C11D8ABF2AFA73320016A552 /* Other */ = {
			isa = PBXGroup;
			children = (
				C11D8AC02AFA73400016A552 /* Extensions.swift */,
			);
			path = Other;
			sourceTree = "<group>";
		};
		C1C9810A2AF6591400E21C45 = {
			isa = PBXGroup;
			children = (
				C11D8ABF2AFA73320016A552 /* Other */,
				C11D8AB62AFA69A50016A552 /* ViewModel */,
				C1C9814D2AF663F300E21C45 /* Model */,
				C1C9814C2AF663E400E21C45 /* View */,
				C1C981152AF6591400E21C45 /* Quiz */,
				C1C981272AF6591500E21C45 /* QuizTests */,
				C1C981312AF6591500E21C45 /* QuizUITests */,
				C1C981142AF6591400E21C45 /* Products */,
			);
			sourceTree = "<group>";
		};
		C1C981142AF6591400E21C45 /* Products */ = {
			isa = PBXGroup;
			children = (
				C1C981132AF6591400E21C45 /* Quiz.app */,
				C1C981242AF6591500E21C45 /* QuizTests.xctest */,
				C1C9812E2AF6591500E21C45 /* QuizUITests.xctest */,
			);
			name = Products;
			sourceTree = "<group>";
		};
		C1C981152AF6591400E21C45 /* Quiz */ = {
			isa = PBXGroup;
			children = (
				C1C981432AF662A900E21C45 /* GoogleService-Info.plist */,
				C1C981162AF6591400E21C45 /* QuizApp.swift */,
				C1C981182AF6591400E21C45 /* ContentView.swift */,
				C1C9811A2AF6591500E21C45 /* Assets.xcassets */,
				C1C9811C2AF6591500E21C45 /* Quiz.entitlements */,
				C1C9811D2AF6591500E21C45 /* Preview Content */,
			);
			path = Quiz;
			sourceTree = "<group>";
		};
		C1C9811D2AF6591500E21C45 /* Preview Content */ = {
			isa = PBXGroup;
			children = (
				C1C9811E2AF6591500E21C45 /* Preview Assets.xcassets */,
			);
			path = "Preview Content";
			sourceTree = "<group>";
		};
		C1C981272AF6591500E21C45 /* QuizTests */ = {
			isa = PBXGroup;
			children = (
				C1C981282AF6591500E21C45 /* QuizTests.swift */,
			);
			path = QuizTests;
			sourceTree = "<group>";
		};
		C1C981312AF6591500E21C45 /* QuizUITests */ = {
			isa = PBXGroup;
			children = (
				C1C981322AF6591500E21C45 /* QuizUITests.swift */,
				C1C981342AF6591500E21C45 /* QuizUITestsLaunchTests.swift */,
			);
			path = QuizUITests;
			sourceTree = "<group>";
		};
		C1C9814C2AF663E400E21C45 /* View */ = {
			isa = PBXGroup;
			children = (
				C1C9814E2AF6640B00E21C45 /* HomeView.swift */,
				C12A06D02AF699ED004BCD12 /* QuestionsView.swift */,
				C12A06D22AF84951004BCD12 /* ProfileView.swift */,
				C11D8AB42AFA62320016A552 /* AddQuestionView.swift */,
				C11D8ABB2AFA6D6B0016A552 /* RegistrationView.swift */,
				C11D8AC42AFABA560016A552 /* LoginView.swift */,
			);
			path = View;
			sourceTree = "<group>";
		};
		C1C9814D2AF663F300E21C45 /* Model */ = {
			isa = PBXGroup;
			children = (
				C1C981502AF6641D00E21C45 /* Info.swift */,
				C1C981522AF6646D00E21C45 /* Question.swift */,
				C11D8AB92AFA6CC00016A552 /* User.swift */,
			);
			path = Model;
			sourceTree = "<group>";
		};
/* End PBXGroup section */

/* Begin PBXNativeTarget section */
		C1C981122AF6591400E21C45 /* Quiz */ = {
			isa = PBXNativeTarget;
			buildConfigurationList = C1C981382AF6591500E21C45 /* Build configuration list for PBXNativeTarget "Quiz" */;
			buildPhases = (
				C1C9810F2AF6591400E21C45 /* Sources */,
				C1C981102AF6591400E21C45 /* Frameworks */,
				C1C981112AF6591400E21C45 /* Resources */,
			);
			buildRules = (
			);
			dependencies = (
			);
			name = Quiz;
			packageProductDependencies = (
				C1C981462AF6636600E21C45 /* FirebaseAuth */,
				C1C981482AF6636600E21C45 /* FirebaseFirestore */,
				C1C9814A2AF6636600E21C45 /* FirebaseFirestoreSwift */,
			);
			productName = Quiz;
			productReference = C1C981132AF6591400E21C45 /* Quiz.app */;
			productType = "com.apple.product-type.application";
		};
		C1C981232AF6591500E21C45 /* QuizTests */ = {
			isa = PBXNativeTarget;
			buildConfigurationList = C1C9813B2AF6591500E21C45 /* Build configuration list for PBXNativeTarget "QuizTests" */;
			buildPhases = (
				C1C981202AF6591500E21C45 /* Sources */,
				C1C981212AF6591500E21C45 /* Frameworks */,
				C1C981222AF6591500E21C45 /* Resources */,
			);
			buildRules = (
			);
			dependencies = (
				C1C981262AF6591500E21C45 /* PBXTargetDependency */,
			);
			name = QuizTests;
			productName = QuizTests;
			productReference = C1C981242AF6591500E21C45 /* QuizTests.xctest */;
			productType = "com.apple.product-type.bundle.unit-test";
		};
		C1C9812D2AF6591500E21C45 /* QuizUITests */ = {
			isa = PBXNativeTarget;
			buildConfigurationList = C1C9813E2AF6591500E21C45 /* Build configuration list for PBXNativeTarget "QuizUITests" */;
			buildPhases = (
				C1C9812A2AF6591500E21C45 /* Sources */,
				C1C9812B2AF6591500E21C45 /* Frameworks */,
				C1C9812C2AF6591500E21C45 /* Resources */,
			);
			buildRules = (
			);
			dependencies = (
				C1C981302AF6591500E21C45 /* PBXTargetDependency */,
			);
			name = QuizUITests;
			productName = QuizUITests;
			productReference = C1C9812E2AF6591500E21C45 /* QuizUITests.xctest */;
			productType = "com.apple.product-type.bundle.ui-testing";
		};
/* End PBXNativeTarget section */

/* Begin PBXProject section */
		C1C9810B2AF6591400E21C45 /* Project object */ = {
			isa = PBXProject;
			attributes = {
				BuildIndependentTargetsInParallel = 1;
				LastSwiftUpdateCheck = 1500;
				LastUpgradeCheck = 1500;
				TargetAttributes = {
					C1C981122AF6591400E21C45 = {
						CreatedOnToolsVersion = 15.0;
					};
					C1C981232AF6591500E21C45 = {
						CreatedOnToolsVersion = 15.0;
						TestTargetID = C1C981122AF6591400E21C45;
					};
					C1C9812D2AF6591500E21C45 = {
						CreatedOnToolsVersion = 15.0;
						TestTargetID = C1C981122AF6591400E21C45;
					};
				};
			};
			buildConfigurationList = C1C9810E2AF6591400E21C45 /* Build configuration list for PBXProject "Quiz" */;
			compatibilityVersion = "Xcode 14.0";
			developmentRegion = en;
			hasScannedForEncodings = 0;
			knownRegions = (
				en,
				Base,
			);
			mainGroup = C1C9810A2AF6591400E21C45;
			packageReferences = (
				C1C981452AF6636600E21C45 /* XCRemoteSwiftPackageReference "firebase-ios-sdk" */,
			);
			productRefGroup = C1C981142AF6591400E21C45 /* Products */;
			projectDirPath = "";
			projectRoot = "";
			targets = (
				C1C981122AF6591400E21C45 /* Quiz */,
				C1C981232AF6591500E21C45 /* QuizTests */,
				C1C9812D2AF6591500E21C45 /* QuizUITests */,
			);
		};
/* End PBXProject section */

/* Begin PBXResourcesBuildPhase section */
		C1C981112AF6591400E21C45 /* Resources */ = {
			isa = PBXResourcesBuildPhase;
			buildActionMask = 2147483647;
			files = (
				C1C9811F2AF6591500E21C45 /* Preview Assets.xcassets in Resources */,
				C1C9811B2AF6591500E21C45 /* Assets.xcassets in Resources */,
				C1C981442AF662A900E21C45 /* GoogleService-Info.plist in Resources */,
			);
			runOnlyForDeploymentPostprocessing = 0;
		};
		C1C981222AF6591500E21C45 /* Resources */ = {
			isa = PBXResourcesBuildPhase;
			buildActionMask = 2147483647;
			files = (
			);
			runOnlyForDeploymentPostprocessing = 0;
		};
		C1C9812C2AF6591500E21C45 /* Resources */ = {
			isa = PBXResourcesBuildPhase;
			buildActionMask = 2147483647;
			files = (
			);
			runOnlyForDeploymentPostprocessing = 0;
		};
/* End PBXResourcesBuildPhase section */

/* Begin PBXSourcesBuildPhase section */
		C1C9810F2AF6591400E21C45 /* Sources */ = {
			isa = PBXSourcesBuildPhase;
			buildActionMask = 2147483647;
			files = (
				C11D8ABC2AFA6D6B0016A552 /* RegistrationView.swift in Sources */,
				C1C981532AF6646D00E21C45 /* Question.swift in Sources */,
				C11D8AC32AFA74390016A552 /* MainViewViewModel.swift in Sources */,
				C11D8AC92AFABCCF0016A552 /* LoginViewViewModel.swift in Sources */,
				C11D8AC52AFABA560016A552 /* LoginView.swift in Sources */,
				C1C9814F2AF6640B00E21C45 /* HomeView.swift in Sources */,
				C12A06D12AF699ED004BCD12 /* QuestionsView.swift in Sources */,
				C1C981512AF6641E00E21C45 /* Info.swift in Sources */,
				C11D8ABE2AFA6EEB0016A552 /* ProfileViewViewModel.swift in Sources */,
				C11D8AB82AFA69C20016A552 /* RegistrationViewViewModel.swift in Sources */,
				C11D8AB52AFA62320016A552 /* AddQuestionView.swift in Sources */,
				C11D8AC12AFA73400016A552 /* Extensions.swift in Sources */,
				C12A06D32AF84952004BCD12 /* ProfileView.swift in Sources */,
				C1C981192AF6591400E21C45 /* ContentView.swift in Sources */,
				C11D8ABA2AFA6CC00016A552 /* User.swift in Sources */,
				C1C981172AF6591400E21C45 /* QuizApp.swift in Sources */,
			);
			runOnlyForDeploymentPostprocessing = 0;
		};
		C1C981202AF6591500E21C45 /* Sources */ = {
			isa = PBXSourcesBuildPhase;
			buildActionMask = 2147483647;
			files = (
				C1C981292AF6591500E21C45 /* QuizTests.swift in Sources */,
			);
			runOnlyForDeploymentPostprocessing = 0;
		};
		C1C9812A2AF6591500E21C45 /* Sources */ = {
			isa = PBXSourcesBuildPhase;
			buildActionMask = 2147483647;
			files = (
				C1C981332AF6591500E21C45 /* QuizUITests.swift in Sources */,
				C1C981352AF6591500E21C45 /* QuizUITestsLaunchTests.swift in Sources */,
			);
			runOnlyForDeploymentPostprocessing = 0;
		};
/* End PBXSourcesBuildPhase section */

/* Begin PBXTargetDependency section */
		C1C981262AF6591500E21C45 /* PBXTargetDependency */ = {
			isa = PBXTargetDependency;
			target = C1C981122AF6591400E21C45 /* Quiz */;
			targetProxy = C1C981252AF6591500E21C45 /* PBXContainerItemProxy */;
		};
		C1C981302AF6591500E21C45 /* PBXTargetDependency */ = {
			isa = PBXTargetDependency;
			target = C1C981122AF6591400E21C45 /* Quiz */;
			targetProxy = C1C9812F2AF6591500E21C45 /* PBXContainerItemProxy */;
		};
/* End PBXTargetDependency section */

/* Begin XCBuildConfiguration section */
		C1C981362AF6591500E21C45 /* Debug */ = {
			isa = XCBuildConfiguration;
			buildSettings = {
				ALWAYS_SEARCH_USER_PATHS = NO;
				ASSETCATALOG_COMPILER_GENERATE_SWIFT_ASSET_SYMBOL_EXTENSIONS = YES;
				CLANG_ANALYZER_NONNULL = YES;
				CLANG_ANALYZER_NUMBER_OBJECT_CONVERSION = YES_AGGRESSIVE;
				CLANG_CXX_LANGUAGE_STANDARD = "gnu++20";
				CLANG_ENABLE_MODULES = YES;
				CLANG_ENABLE_OBJC_ARC = YES;
				CLANG_ENABLE_OBJC_WEAK = YES;
				CLANG_WARN_BLOCK_CAPTURE_AUTORELEASING = YES;
				CLANG_WARN_BOOL_CONVERSION = YES;
				CLANG_WARN_COMMA = YES;
				CLANG_WARN_CONSTANT_CONVERSION = YES;
				CLANG_WARN_DEPRECATED_OBJC_IMPLEMENTATIONS = YES;
				CLANG_WARN_DIRECT_OBJC_ISA_USAGE = YES_ERROR;
				CLANG_WARN_DOCUMENTATION_COMMENTS = YES;
				CLANG_WARN_EMPTY_BODY = YES;
				CLANG_WARN_ENUM_CONVERSION = YES;
				CLANG_WARN_INFINITE_RECURSION = YES;
				CLANG_WARN_INT_CONVERSION = YES;
				CLANG_WARN_NON_LITERAL_NULL_CONVERSION = YES;
				CLANG_WARN_OBJC_IMPLICIT_RETAIN_SELF = YES;
				CLANG_WARN_OBJC_LITERAL_CONVERSION = YES;
				CLANG_WARN_OBJC_ROOT_CLASS = YES_ERROR;
				CLANG_WARN_QUOTED_INCLUDE_IN_FRAMEWORK_HEADER = YES;
				CLANG_WARN_RANGE_LOOP_ANALYSIS = YES;
				CLANG_WARN_STRICT_PROTOTYPES = YES;
				CLANG_WARN_SUSPICIOUS_MOVE = YES;
				CLANG_WARN_UNGUARDED_AVAILABILITY = YES_AGGRESSIVE;
				CLANG_WARN_UNREACHABLE_CODE = YES;
				CLANG_WARN__DUPLICATE_METHOD_MATCH = YES;
				COPY_PHASE_STRIP = NO;
				DEBUG_INFORMATION_FORMAT = dwarf;
				ENABLE_STRICT_OBJC_MSGSEND = YES;
				ENABLE_TESTABILITY = YES;
				ENABLE_USER_SCRIPT_SANDBOXING = YES;
				GCC_C_LANGUAGE_STANDARD = gnu17;
				GCC_DYNAMIC_NO_PIC = NO;
				GCC_NO_COMMON_BLOCKS = YES;
				GCC_OPTIMIZATION_LEVEL = 0;
				GCC_PREPROCESSOR_DEFINITIONS = (
					"DEBUG=1",
					"$(inherited)",
				);
				GCC_WARN_64_TO_32_BIT_CONVERSION = YES;
				GCC_WARN_ABOUT_RETURN_TYPE = YES_ERROR;
				GCC_WARN_UNDECLARED_SELECTOR = YES;
				GCC_WARN_UNINITIALIZED_AUTOS = YES_AGGRESSIVE;
				GCC_WARN_UNUSED_FUNCTION = YES;
				GCC_WARN_UNUSED_VARIABLE = YES;
				LOCALIZATION_PREFERS_STRING_CATALOGS = YES;
				MTL_ENABLE_DEBUG_INFO = INCLUDE_SOURCE;
				MTL_FAST_MATH = YES;
				ONLY_ACTIVE_ARCH = YES;
				SWIFT_ACTIVE_COMPILATION_CONDITIONS = "DEBUG $(inherited)";
				SWIFT_OPTIMIZATION_LEVEL = "-Onone";
			};
			name = Debug;
		};
		C1C981372AF6591500E21C45 /* Release */ = {
			isa = XCBuildConfiguration;
			buildSettings = {
				ALWAYS_SEARCH_USER_PATHS = NO;
				ASSETCATALOG_COMPILER_GENERATE_SWIFT_ASSET_SYMBOL_EXTENSIONS = YES;
				CLANG_ANALYZER_NONNULL = YES;
				CLANG_ANALYZER_NUMBER_OBJECT_CONVERSION = YES_AGGRESSIVE;
				CLANG_CXX_LANGUAGE_STANDARD = "gnu++20";
				CLANG_ENABLE_MODULES = YES;
				CLANG_ENABLE_OBJC_ARC = YES;
				CLANG_ENABLE_OBJC_WEAK = YES;
				CLANG_WARN_BLOCK_CAPTURE_AUTORELEASING = YES;
				CLANG_WARN_BOOL_CONVERSION = YES;
				CLANG_WARN_COMMA = YES;
				CLANG_WARN_CONSTANT_CONVERSION = YES;
				CLANG_WARN_DEPRECATED_OBJC_IMPLEMENTATIONS = YES;
				CLANG_WARN_DIRECT_OBJC_ISA_USAGE = YES_ERROR;
				CLANG_WARN_DOCUMENTATION_COMMENTS = YES;
				CLANG_WARN_EMPTY_BODY = YES;
				CLANG_WARN_ENUM_CONVERSION = YES;
				CLANG_WARN_INFINITE_RECURSION = YES;
				CLANG_WARN_INT_CONVERSION = YES;
				CLANG_WARN_NON_LITERAL_NULL_CONVERSION = YES;
				CLANG_WARN_OBJC_IMPLICIT_RETAIN_SELF = YES;
				CLANG_WARN_OBJC_LITERAL_CONVERSION = YES;
				CLANG_WARN_OBJC_ROOT_CLASS = YES_ERROR;
				CLANG_WARN_QUOTED_INCLUDE_IN_FRAMEWORK_HEADER = YES;
				CLANG_WARN_RANGE_LOOP_ANALYSIS = YES;
				CLANG_WARN_STRICT_PROTOTYPES = YES;
				CLANG_WARN_SUSPICIOUS_MOVE = YES;
				CLANG_WARN_UNGUARDED_AVAILABILITY = YES_AGGRESSIVE;
				CLANG_WARN_UNREACHABLE_CODE = YES;
				CLANG_WARN__DUPLICATE_METHOD_MATCH = YES;
				COPY_PHASE_STRIP = NO;
				DEBUG_INFORMATION_FORMAT = "dwarf-with-dsym";
				ENABLE_NS_ASSERTIONS = NO;
				ENABLE_STRICT_OBJC_MSGSEND = YES;
				ENABLE_USER_SCRIPT_SANDBOXING = YES;
				GCC_C_LANGUAGE_STANDARD = gnu17;
				GCC_NO_COMMON_BLOCKS = YES;
				GCC_WARN_64_TO_32_BIT_CONVERSION = YES;
				GCC_WARN_ABOUT_RETURN_TYPE = YES_ERROR;
				GCC_WARN_UNDECLARED_SELECTOR = YES;
				GCC_WARN_UNINITIALIZED_AUTOS = YES_AGGRESSIVE;
				GCC_WARN_UNUSED_FUNCTION = YES;
				GCC_WARN_UNUSED_VARIABLE = YES;
				LOCALIZATION_PREFERS_STRING_CATALOGS = YES;
				MTL_ENABLE_DEBUG_INFO = NO;
				MTL_FAST_MATH = YES;
				SWIFT_COMPILATION_MODE = wholemodule;
			};
			name = Release;
		};
		C1C981392AF6591500E21C45 /* Debug */ = {
			isa = XCBuildConfiguration;
			buildSettings = {
				ASSETCATALOG_COMPILER_APPICON_NAME = AppIcon;
				ASSETCATALOG_COMPILER_GLOBAL_ACCENT_COLOR_NAME = AccentColor;
				CODE_SIGN_ENTITLEMENTS = Quiz/Quiz.entitlements;
				CODE_SIGN_STYLE = Automatic;
				CURRENT_PROJECT_VERSION = 1;
				DEVELOPMENT_ASSET_PATHS = "\"Quiz/Preview Content\"";
				DEVELOPMENT_TEAM = T2U7DM6ZUY;
				ENABLE_HARDENED_RUNTIME = YES;
				ENABLE_PREVIEWS = YES;
				GENERATE_INFOPLIST_FILE = YES;
				"INFOPLIST_KEY_UIApplicationSceneManifest_Generation[sdk=iphoneos*]" = YES;
				"INFOPLIST_KEY_UIApplicationSceneManifest_Generation[sdk=iphonesimulator*]" = YES;
				"INFOPLIST_KEY_UIApplicationSupportsIndirectInputEvents[sdk=iphoneos*]" = YES;
				"INFOPLIST_KEY_UIApplicationSupportsIndirectInputEvents[sdk=iphonesimulator*]" = YES;
				"INFOPLIST_KEY_UILaunchScreen_Generation[sdk=iphoneos*]" = YES;
				"INFOPLIST_KEY_UILaunchScreen_Generation[sdk=iphonesimulator*]" = YES;
				"INFOPLIST_KEY_UIStatusBarStyle[sdk=iphoneos*]" = UIStatusBarStyleDefault;
				"INFOPLIST_KEY_UIStatusBarStyle[sdk=iphonesimulator*]" = UIStatusBarStyleDefault;
				INFOPLIST_KEY_UISupportedInterfaceOrientations_iPad = "UIInterfaceOrientationPortrait UIInterfaceOrientationPortraitUpsideDown UIInterfaceOrientationLandscapeLeft UIInterfaceOrientationLandscapeRight";
				INFOPLIST_KEY_UISupportedInterfaceOrientations_iPhone = "UIInterfaceOrientationPortrait UIInterfaceOrientationLandscapeLeft UIInterfaceOrientationLandscapeRight";
				IPHONEOS_DEPLOYMENT_TARGET = 16.1;
				LD_RUNPATH_SEARCH_PATHS = "@executable_path/Frameworks";
				"LD_RUNPATH_SEARCH_PATHS[sdk=macosx*]" = "@executable_path/../Frameworks";
				MACOSX_DEPLOYMENT_TARGET = 14.0;
				MARKETING_VERSION = 1.0;
				PRODUCT_BUNDLE_IDENTIFIER = "-.Quiz";
				PRODUCT_NAME = "$(TARGET_NAME)";
				SDKROOT = auto;
				SUPPORTED_PLATFORMS = "iphoneos iphonesimulator macosx";
				SWIFT_EMIT_LOC_STRINGS = YES;
				SWIFT_VERSION = 5.0;
				TARGETED_DEVICE_FAMILY = "1,2";
			};
			name = Debug;
		};
		C1C9813A2AF6591500E21C45 /* Release */ = {
			isa = XCBuildConfiguration;
			buildSettings = {
				ASSETCATALOG_COMPILER_APPICON_NAME = AppIcon;
				ASSETCATALOG_COMPILER_GLOBAL_ACCENT_COLOR_NAME = AccentColor;
				CODE_SIGN_ENTITLEMENTS = Quiz/Quiz.entitlements;
				CODE_SIGN_STYLE = Automatic;
				CURRENT_PROJECT_VERSION = 1;
				DEVELOPMENT_ASSET_PATHS = "\"Quiz/Preview Content\"";
				DEVELOPMENT_TEAM = T2U7DM6ZUY;
				ENABLE_HARDENED_RUNTIME = YES;
				ENABLE_PREVIEWS = YES;
				GENERATE_INFOPLIST_FILE = YES;
				"INFOPLIST_KEY_UIApplicationSceneManifest_Generation[sdk=iphoneos*]" = YES;
				"INFOPLIST_KEY_UIApplicationSceneManifest_Generation[sdk=iphonesimulator*]" = YES;
				"INFOPLIST_KEY_UIApplicationSupportsIndirectInputEvents[sdk=iphoneos*]" = YES;
				"INFOPLIST_KEY_UIApplicationSupportsIndirectInputEvents[sdk=iphonesimulator*]" = YES;
				"INFOPLIST_KEY_UILaunchScreen_Generation[sdk=iphoneos*]" = YES;
				"INFOPLIST_KEY_UILaunchScreen_Generation[sdk=iphonesimulator*]" = YES;
				"INFOPLIST_KEY_UIStatusBarStyle[sdk=iphoneos*]" = UIStatusBarStyleDefault;
				"INFOPLIST_KEY_UIStatusBarStyle[sdk=iphonesimulator*]" = UIStatusBarStyleDefault;
				INFOPLIST_KEY_UISupportedInterfaceOrientations_iPad = "UIInterfaceOrientationPortrait UIInterfaceOrientationPortraitUpsideDown UIInterfaceOrientationLandscapeLeft UIInterfaceOrientationLandscapeRight";
				INFOPLIST_KEY_UISupportedInterfaceOrientations_iPhone = "UIInterfaceOrientationPortrait UIInterfaceOrientationLandscapeLeft UIInterfaceOrientationLandscapeRight";
				IPHONEOS_DEPLOYMENT_TARGET = 16.1;
				LD_RUNPATH_SEARCH_PATHS = "@executable_path/Frameworks";
				"LD_RUNPATH_SEARCH_PATHS[sdk=macosx*]" = "@executable_path/../Frameworks";
				MACOSX_DEPLOYMENT_TARGET = 14.0;
				MARKETING_VERSION = 1.0;
				PRODUCT_BUNDLE_IDENTIFIER = "-.Quiz";
				PRODUCT_NAME = "$(TARGET_NAME)";
				SDKROOT = auto;
				SUPPORTED_PLATFORMS = "iphoneos iphonesimulator macosx";
				SWIFT_EMIT_LOC_STRINGS = YES;
				SWIFT_VERSION = 5.0;
				TARGETED_DEVICE_FAMILY = "1,2";
			};
			name = Release;
		};
		C1C9813C2AF6591500E21C45 /* Debug */ = {
			isa = XCBuildConfiguration;
			buildSettings = {
				ALWAYS_EMBED_SWIFT_STANDARD_LIBRARIES = YES;
				BUNDLE_LOADER = "$(TEST_HOST)";
				CODE_SIGN_STYLE = Automatic;
				CURRENT_PROJECT_VERSION = 1;
				DEVELOPMENT_TEAM = T2U7DM6ZUY;
				GENERATE_INFOPLIST_FILE = YES;
				IPHONEOS_DEPLOYMENT_TARGET = 17.0;
				MACOSX_DEPLOYMENT_TARGET = 14.0;
				MARKETING_VERSION = 1.0;
				PRODUCT_BUNDLE_IDENTIFIER = "-.QuizTests";
				PRODUCT_NAME = "$(TARGET_NAME)";
				SDKROOT = auto;
				SUPPORTED_PLATFORMS = "iphoneos iphonesimulator macosx";
				SWIFT_EMIT_LOC_STRINGS = NO;
				SWIFT_VERSION = 5.0;
				TARGETED_DEVICE_FAMILY = "1,2";
				TEST_HOST = "$(BUILT_PRODUCTS_DIR)/Quiz.app/$(BUNDLE_EXECUTABLE_FOLDER_PATH)/Quiz";
			};
			name = Debug;
		};
		C1C9813D2AF6591500E21C45 /* Release */ = {
			isa = XCBuildConfiguration;
			buildSettings = {
				ALWAYS_EMBED_SWIFT_STANDARD_LIBRARIES = YES;
				BUNDLE_LOADER = "$(TEST_HOST)";
				CODE_SIGN_STYLE = Automatic;
				CURRENT_PROJECT_VERSION = 1;
				DEVELOPMENT_TEAM = T2U7DM6ZUY;
				GENERATE_INFOPLIST_FILE = YES;
				IPHONEOS_DEPLOYMENT_TARGET = 17.0;
				MACOSX_DEPLOYMENT_TARGET = 14.0;
				MARKETING_VERSION = 1.0;
				PRODUCT_BUNDLE_IDENTIFIER = "-.QuizTests";
				PRODUCT_NAME = "$(TARGET_NAME)";
				SDKROOT = auto;
				SUPPORTED_PLATFORMS = "iphoneos iphonesimulator macosx";
				SWIFT_EMIT_LOC_STRINGS = NO;
				SWIFT_VERSION = 5.0;
				TARGETED_DEVICE_FAMILY = "1,2";
				TEST_HOST = "$(BUILT_PRODUCTS_DIR)/Quiz.app/$(BUNDLE_EXECUTABLE_FOLDER_PATH)/Quiz";
			};
			name = Release;
		};
		C1C9813F2AF6591500E21C45 /* Debug */ = {
			isa = XCBuildConfiguration;
			buildSettings = {
				ALWAYS_EMBED_SWIFT_STANDARD_LIBRARIES = YES;
				CODE_SIGN_STYLE = Automatic;
				CURRENT_PROJECT_VERSION = 1;
				DEVELOPMENT_TEAM = T2U7DM6ZUY;
				GENERATE_INFOPLIST_FILE = YES;
				IPHONEOS_DEPLOYMENT_TARGET = 17.0;
				MACOSX_DEPLOYMENT_TARGET = 14.0;
				MARKETING_VERSION = 1.0;
				PRODUCT_BUNDLE_IDENTIFIER = "-.QuizUITests";
				PRODUCT_NAME = "$(TARGET_NAME)";
				SDKROOT = auto;
				SUPPORTED_PLATFORMS = "iphoneos iphonesimulator macosx";
				SWIFT_EMIT_LOC_STRINGS = NO;
				SWIFT_VERSION = 5.0;
				TARGETED_DEVICE_FAMILY = "1,2";
				TEST_TARGET_NAME = Quiz;
			};
			name = Debug;
		};
		C1C981402AF6591500E21C45 /* Release */ = {
			isa = XCBuildConfiguration;
			buildSettings = {
				ALWAYS_EMBED_SWIFT_STANDARD_LIBRARIES = YES;
				CODE_SIGN_STYLE = Automatic;
				CURRENT_PROJECT_VERSION = 1;
				DEVELOPMENT_TEAM = T2U7DM6ZUY;
				GENERATE_INFOPLIST_FILE = YES;
				IPHONEOS_DEPLOYMENT_TARGET = 17.0;
				MACOSX_DEPLOYMENT_TARGET = 14.0;
				MARKETING_VERSION = 1.0;
				PRODUCT_BUNDLE_IDENTIFIER = "-.QuizUITests";
				PRODUCT_NAME = "$(TARGET_NAME)";
				SDKROOT = auto;
				SUPPORTED_PLATFORMS = "iphoneos iphonesimulator macosx";
				SWIFT_EMIT_LOC_STRINGS = NO;
				SWIFT_VERSION = 5.0;
				TARGETED_DEVICE_FAMILY = "1,2";
				TEST_TARGET_NAME = Quiz;
			};
			name = Release;
		};
/* End XCBuildConfiguration section */

/* Begin XCConfigurationList section */
		C1C9810E2AF6591400E21C45 /* Build configuration list for PBXProject "Quiz" */ = {
			isa = XCConfigurationList;
			buildConfigurations = (
				C1C981362AF6591500E21C45 /* Debug */,
				C1C981372AF6591500E21C45 /* Release */,
			);
			defaultConfigurationIsVisible = 0;
			defaultConfigurationName = Release;
		};
		C1C981382AF6591500E21C45 /* Build configuration list for PBXNativeTarget "Quiz" */ = {
			isa = XCConfigurationList;
			buildConfigurations = (
				C1C981392AF6591500E21C45 /* Debug */,
				C1C9813A2AF6591500E21C45 /* Release */,
			);
			defaultConfigurationIsVisible = 0;
			defaultConfigurationName = Release;
		};
		C1C9813B2AF6591500E21C45 /* Build configuration list for PBXNativeTarget "QuizTests" */ = {
			isa = XCConfigurationList;
			buildConfigurations = (
				C1C9813C2AF6591500E21C45 /* Debug */,
				C1C9813D2AF6591500E21C45 /* Release */,
			);
			defaultConfigurationIsVisible = 0;
			defaultConfigurationName = Release;
		};
		C1C9813E2AF6591500E21C45 /* Build configuration list for PBXNativeTarget "QuizUITests" */ = {
			isa = XCConfigurationList;
			buildConfigurations = (
				C1C9813F2AF6591500E21C45 /* Debug */,
				C1C981402AF6591500E21C45 /* Release */,
			);
			defaultConfigurationIsVisible = 0;
			defaultConfigurationName = Release;
		};
/* End XCConfigurationList section */

/* Begin XCRemoteSwiftPackageReference section */
		C1C981452AF6636600E21C45 /* XCRemoteSwiftPackageReference "firebase-ios-sdk" */ = {
			isa = XCRemoteSwiftPackageReference;
			repositoryURL = "https://github.com/firebase/firebase-ios-sdk.git";
			requirement = {
				kind = upToNextMajorVersion;
				minimumVersion = 10.17.0;
			};
		};
/* End XCRemoteSwiftPackageReference section */

/* Begin XCSwiftPackageProductDependency section */
		C1C981462AF6636600E21C45 /* FirebaseAuth */ = {
			isa = XCSwiftPackageProductDependency;
			package = C1C981452AF6636600E21C45 /* XCRemoteSwiftPackageReference "firebase-ios-sdk" */;
			productName = FirebaseAuth;
		};
		C1C981482AF6636600E21C45 /* FirebaseFirestore */ = {
			isa = XCSwiftPackageProductDependency;
			package = C1C981452AF6636600E21C45 /* XCRemoteSwiftPackageReference "firebase-ios-sdk" */;
			productName = FirebaseFirestore;
		};
		C1C9814A2AF6636600E21C45 /* FirebaseFirestoreSwift */ = {
			isa = XCSwiftPackageProductDependency;
			package = C1C981452AF6636600E21C45 /* XCRemoteSwiftPackageReference "firebase-ios-sdk" */;
			productName = FirebaseFirestoreSwift;
		};
/* End XCSwiftPackageProductDependency section */
	};
	rootObject = C1C9810B2AF6591400E21C45 /* Project object */;
}
