// !$*UTF8*$!
{
	archiveVersion = 1;
	classes = {
	};
	objectVersion = 56;
	objects = {

/* Begin PBXBuildFile section */
		C14A07FE2AF57ED30000B668 /* DatabaseTrainApp.swift in Sources */ = {isa = PBXBuildFile; fileRef = C14A07FD2AF57ED30000B668 /* DatabaseTrainApp.swift */; };
		C14A08002AF57ED30000B668 /* ContentView.swift in Sources */ = {isa = PBXBuildFile; fileRef = C14A07FF2AF57ED30000B668 /* ContentView.swift */; };
		C14A08022AF57ED50000B668 /* Assets.xcassets in Resources */ = {isa = PBXBuildFile; fileRef = C14A08012AF57ED50000B668 /* Assets.xcassets */; };
		C14A08062AF57ED50000B668 /* Preview Assets.xcassets in Resources */ = {isa = PBXBuildFile; fileRef = C14A08052AF57ED50000B668 /* Preview Assets.xcassets */; };
		C14A08102AF57ED50000B668 /* DatabaseTrainTests.swift in Sources */ = {isa = PBXBuildFile; fileRef = C14A080F2AF57ED50000B668 /* DatabaseTrainTests.swift */; };
		C14A081A2AF57ED50000B668 /* DatabaseTrainUITests.swift in Sources */ = {isa = PBXBuildFile; fileRef = C14A08192AF57ED50000B668 /* DatabaseTrainUITests.swift */; };
		C14A081C2AF57ED50000B668 /* DatabaseTrainUITestsLaunchTests.swift in Sources */ = {isa = PBXBuildFile; fileRef = C14A081B2AF57ED50000B668 /* DatabaseTrainUITestsLaunchTests.swift */; };
		C14A082A2AF582AD0000B668 /* Realm in Frameworks */ = {isa = PBXBuildFile; productRef = C14A08292AF582AD0000B668 /* Realm */; };
		C14A082C2AF582AD0000B668 /* RealmSwift in Frameworks */ = {isa = PBXBuildFile; productRef = C14A082B2AF582AD0000B668 /* RealmSwift */; };
		C14A082F2AF583770000B668 /* Item.swift in Sources */ = {isa = PBXBuildFile; fileRef = C14A082E2AF583770000B668 /* Item.swift */; };
		C14A08312AF583830000B668 /* Group.swift in Sources */ = {isa = PBXBuildFile; fileRef = C14A08302AF583830000B668 /* Group.swift */; };
		C14A08332AF5854A0000B668 /* ItemListView.swift in Sources */ = {isa = PBXBuildFile; fileRef = C14A08322AF5854A0000B668 /* ItemListView.swift */; };
		C14A08352AF585600000B668 /* ItemDetailView.swift in Sources */ = {isa = PBXBuildFile; fileRef = C14A08342AF585600000B668 /* ItemDetailView.swift */; };
		C14A08372AF592140000B668 /* ItemResultView.swift in Sources */ = {isa = PBXBuildFile; fileRef = C14A08362AF592140000B668 /* ItemResultView.swift */; };
		C14A08392AF5938A0000B668 /* RealmHelper.swift in Sources */ = {isa = PBXBuildFile; fileRef = C14A08382AF5938A0000B668 /* RealmHelper.swift */; };
/* End PBXBuildFile section */

/* Begin PBXContainerItemProxy section */
		C14A080C2AF57ED50000B668 /* PBXContainerItemProxy */ = {
			isa = PBXContainerItemProxy;
			containerPortal = C14A07F22AF57ED30000B668 /* Project object */;
			proxyType = 1;
			remoteGlobalIDString = C14A07F92AF57ED30000B668;
			remoteInfo = DatabaseTrain;
		};
		C14A08162AF57ED50000B668 /* PBXContainerItemProxy */ = {
			isa = PBXContainerItemProxy;
			containerPortal = C14A07F22AF57ED30000B668 /* Project object */;
			proxyType = 1;
			remoteGlobalIDString = C14A07F92AF57ED30000B668;
			remoteInfo = DatabaseTrain;
		};
/* End PBXContainerItemProxy section */

/* Begin PBXFileReference section */
		C14A07FA2AF57ED30000B668 /* DatabaseTrain.app */ = {isa = PBXFileReference; explicitFileType = wrapper.application; includeInIndex = 0; path = DatabaseTrain.app; sourceTree = BUILT_PRODUCTS_DIR; };
		C14A07FD2AF57ED30000B668 /* DatabaseTrainApp.swift */ = {isa = PBXFileReference; lastKnownFileType = sourcecode.swift; path = DatabaseTrainApp.swift; sourceTree = "<group>"; };
		C14A07FF2AF57ED30000B668 /* ContentView.swift */ = {isa = PBXFileReference; lastKnownFileType = sourcecode.swift; path = ContentView.swift; sourceTree = "<group>"; };
		C14A08012AF57ED50000B668 /* Assets.xcassets */ = {isa = PBXFileReference; lastKnownFileType = folder.assetcatalog; path = Assets.xcassets; sourceTree = "<group>"; };
		C14A08032AF57ED50000B668 /* DatabaseTrain.entitlements */ = {isa = PBXFileReference; lastKnownFileType = text.plist.entitlements; path = DatabaseTrain.entitlements; sourceTree = "<group>"; };
		C14A08052AF57ED50000B668 /* Preview Assets.xcassets */ = {isa = PBXFileReference; lastKnownFileType = folder.assetcatalog; path = "Preview Assets.xcassets"; sourceTree = "<group>"; };
		C14A080B2AF57ED50000B668 /* DatabaseTrainTests.xctest */ = {isa = PBXFileReference; explicitFileType = wrapper.cfbundle; includeInIndex = 0; path = DatabaseTrainTests.xctest; sourceTree = BUILT_PRODUCTS_DIR; };
		C14A080F2AF57ED50000B668 /* DatabaseTrainTests.swift */ = {isa = PBXFileReference; lastKnownFileType = sourcecode.swift; path = DatabaseTrainTests.swift; sourceTree = "<group>"; };
		C14A08152AF57ED50000B668 /* DatabaseTrainUITests.xctest */ = {isa = PBXFileReference; explicitFileType = wrapper.cfbundle; includeInIndex = 0; path = DatabaseTrainUITests.xctest; sourceTree = BUILT_PRODUCTS_DIR; };
		C14A08192AF57ED50000B668 /* DatabaseTrainUITests.swift */ = {isa = PBXFileReference; lastKnownFileType = sourcecode.swift; path = DatabaseTrainUITests.swift; sourceTree = "<group>"; };
		C14A081B2AF57ED50000B668 /* DatabaseTrainUITestsLaunchTests.swift */ = {isa = PBXFileReference; lastKnownFileType = sourcecode.swift; path = DatabaseTrainUITestsLaunchTests.swift; sourceTree = "<group>"; };
		C14A082E2AF583770000B668 /* Item.swift */ = {isa = PBXFileReference; lastKnownFileType = sourcecode.swift; path = Item.swift; sourceTree = "<group>"; };
		C14A08302AF583830000B668 /* Group.swift */ = {isa = PBXFileReference; lastKnownFileType = sourcecode.swift; path = Group.swift; sourceTree = "<group>"; };
		C14A08322AF5854A0000B668 /* ItemListView.swift */ = {isa = PBXFileReference; lastKnownFileType = sourcecode.swift; path = ItemListView.swift; sourceTree = "<group>"; };
		C14A08342AF585600000B668 /* ItemDetailView.swift */ = {isa = PBXFileReference; lastKnownFileType = sourcecode.swift; path = ItemDetailView.swift; sourceTree = "<group>"; };
		C14A08362AF592140000B668 /* ItemResultView.swift */ = {isa = PBXFileReference; lastKnownFileType = sourcecode.swift; path = ItemResultView.swift; sourceTree = "<group>"; };
		C14A08382AF5938A0000B668 /* RealmHelper.swift */ = {isa = PBXFileReference; lastKnownFileType = sourcecode.swift; path = RealmHelper.swift; sourceTree = "<group>"; };
/* End PBXFileReference section */

/* Begin PBXFrameworksBuildPhase section */
		C14A07F72AF57ED30000B668 /* Frameworks */ = {
			isa = PBXFrameworksBuildPhase;
			buildActionMask = 2147483647;
			files = (
				C14A082C2AF582AD0000B668 /* RealmSwift in Frameworks */,
				C14A082A2AF582AD0000B668 /* Realm in Frameworks */,
			);
			runOnlyForDeploymentPostprocessing = 0;
		};
		C14A08082AF57ED50000B668 /* Frameworks */ = {
			isa = PBXFrameworksBuildPhase;
			buildActionMask = 2147483647;
			files = (
			);
			runOnlyForDeploymentPostprocessing = 0;
		};
		C14A08122AF57ED50000B668 /* Frameworks */ = {
			isa = PBXFrameworksBuildPhase;
			buildActionMask = 2147483647;
			files = (
			);
			runOnlyForDeploymentPostprocessing = 0;
		};
/* End PBXFrameworksBuildPhase section */

/* Begin PBXGroup section */
		C14A07F12AF57ED30000B668 = {
			isa = PBXGroup;
			children = (
				C14A082D2AF5835F0000B668 /* model */,
				C14A07FC2AF57ED30000B668 /* DatabaseTrain */,
				C14A080E2AF57ED50000B668 /* DatabaseTrainTests */,
				C14A08182AF57ED50000B668 /* DatabaseTrainUITests */,
				C14A07FB2AF57ED30000B668 /* Products */,
			);
			sourceTree = "<group>";
		};
		C14A07FB2AF57ED30000B668 /* Products */ = {
			isa = PBXGroup;
			children = (
				C14A07FA2AF57ED30000B668 /* DatabaseTrain.app */,
				C14A080B2AF57ED50000B668 /* DatabaseTrainTests.xctest */,
				C14A08152AF57ED50000B668 /* DatabaseTrainUITests.xctest */,
			);
			name = Products;
			sourceTree = "<group>";
		};
		C14A07FC2AF57ED30000B668 /* DatabaseTrain */ = {
			isa = PBXGroup;
			children = (
				C14A08342AF585600000B668 /* ItemDetailView.swift */,
				C14A08362AF592140000B668 /* ItemResultView.swift */,
				C14A08382AF5938A0000B668 /* RealmHelper.swift */,
				C14A08322AF5854A0000B668 /* ItemListView.swift */,
				C14A07FD2AF57ED30000B668 /* DatabaseTrainApp.swift */,
				C14A07FF2AF57ED30000B668 /* ContentView.swift */,
				C14A08012AF57ED50000B668 /* Assets.xcassets */,
				C14A08032AF57ED50000B668 /* DatabaseTrain.entitlements */,
				C14A08042AF57ED50000B668 /* Preview Content */,
			);
			path = DatabaseTrain;
			sourceTree = "<group>";
		};
		C14A08042AF57ED50000B668 /* Preview Content */ = {
			isa = PBXGroup;
			children = (
				C14A08052AF57ED50000B668 /* Preview Assets.xcassets */,
			);
			path = "Preview Content";
			sourceTree = "<group>";
		};
		C14A080E2AF57ED50000B668 /* DatabaseTrainTests */ = {
			isa = PBXGroup;
			children = (
				C14A080F2AF57ED50000B668 /* DatabaseTrainTests.swift */,
			);
			path = DatabaseTrainTests;
			sourceTree = "<group>";
		};
		C14A08182AF57ED50000B668 /* DatabaseTrainUITests */ = {
			isa = PBXGroup;
			children = (
				C14A08192AF57ED50000B668 /* DatabaseTrainUITests.swift */,
				C14A081B2AF57ED50000B668 /* DatabaseTrainUITestsLaunchTests.swift */,
			);
			path = DatabaseTrainUITests;
			sourceTree = "<group>";
		};
		C14A082D2AF5835F0000B668 /* model */ = {
			isa = PBXGroup;
			children = (
				C14A082E2AF583770000B668 /* Item.swift */,
				C14A08302AF583830000B668 /* Group.swift */,
			);
			path = model;
			sourceTree = "<group>";
		};
/* End PBXGroup section */

/* Begin PBXNativeTarget section */
		C14A07F92AF57ED30000B668 /* DatabaseTrain */ = {
			isa = PBXNativeTarget;
			buildConfigurationList = C14A081F2AF57ED50000B668 /* Build configuration list for PBXNativeTarget "DatabaseTrain" */;
			buildPhases = (
				C14A07F62AF57ED30000B668 /* Sources */,
				C14A07F72AF57ED30000B668 /* Frameworks */,
				C14A07F82AF57ED30000B668 /* Resources */,
			);
			buildRules = (
			);
			dependencies = (
			);
			name = DatabaseTrain;
			packageProductDependencies = (
				C14A08292AF582AD0000B668 /* Realm */,
				C14A082B2AF582AD0000B668 /* RealmSwift */,
			);
			productName = DatabaseTrain;
			productReference = C14A07FA2AF57ED30000B668 /* DatabaseTrain.app */;
			productType = "com.apple.product-type.application";
		};
		C14A080A2AF57ED50000B668 /* DatabaseTrainTests */ = {
			isa = PBXNativeTarget;
			buildConfigurationList = C14A08222AF57ED50000B668 /* Build configuration list for PBXNativeTarget "DatabaseTrainTests" */;
			buildPhases = (
				C14A08072AF57ED50000B668 /* Sources */,
				C14A08082AF57ED50000B668 /* Frameworks */,
				C14A08092AF57ED50000B668 /* Resources */,
			);
			buildRules = (
			);
			dependencies = (
				C14A080D2AF57ED50000B668 /* PBXTargetDependency */,
			);
			name = DatabaseTrainTests;
			productName = DatabaseTrainTests;
			productReference = C14A080B2AF57ED50000B668 /* DatabaseTrainTests.xctest */;
			productType = "com.apple.product-type.bundle.unit-test";
		};
		C14A08142AF57ED50000B668 /* DatabaseTrainUITests */ = {
			isa = PBXNativeTarget;
			buildConfigurationList = C14A08252AF57ED50000B668 /* Build configuration list for PBXNativeTarget "DatabaseTrainUITests" */;
			buildPhases = (
				C14A08112AF57ED50000B668 /* Sources */,
				C14A08122AF57ED50000B668 /* Frameworks */,
				C14A08132AF57ED50000B668 /* Resources */,
			);
			buildRules = (
			);
			dependencies = (
				C14A08172AF57ED50000B668 /* PBXTargetDependency */,
			);
			name = DatabaseTrainUITests;
			productName = DatabaseTrainUITests;
			productReference = C14A08152AF57ED50000B668 /* DatabaseTrainUITests.xctest */;
			productType = "com.apple.product-type.bundle.ui-testing";
		};
/* End PBXNativeTarget section */

/* Begin PBXProject section */
		C14A07F22AF57ED30000B668 /* Project object */ = {
			isa = PBXProject;
			attributes = {
				BuildIndependentTargetsInParallel = 1;
				LastSwiftUpdateCheck = 1500;
				LastUpgradeCheck = 1500;
				TargetAttributes = {
					C14A07F92AF57ED30000B668 = {
						CreatedOnToolsVersion = 15.0;
					};
					C14A080A2AF57ED50000B668 = {
						CreatedOnToolsVersion = 15.0;
						TestTargetID = C14A07F92AF57ED30000B668;
					};
					C14A08142AF57ED50000B668 = {
						CreatedOnToolsVersion = 15.0;
						TestTargetID = C14A07F92AF57ED30000B668;
					};
				};
			};
			buildConfigurationList = C14A07F52AF57ED30000B668 /* Build configuration list for PBXProject "DatabaseTrain" */;
			compatibilityVersion = "Xcode 14.0";
			developmentRegion = en;
			hasScannedForEncodings = 0;
			knownRegions = (
				en,
				Base,
			);
			mainGroup = C14A07F12AF57ED30000B668;
			packageReferences = (
				C14A08282AF5818F0000B668 /* XCRemoteSwiftPackageReference "realm-swift" */,
			);
			productRefGroup = C14A07FB2AF57ED30000B668 /* Products */;
			projectDirPath = "";
			projectRoot = "";
			targets = (
				C14A07F92AF57ED30000B668 /* DatabaseTrain */,
				C14A080A2AF57ED50000B668 /* DatabaseTrainTests */,
				C14A08142AF57ED50000B668 /* DatabaseTrainUITests */,
			);
		};
/* End PBXProject section */

/* Begin PBXResourcesBuildPhase section */
		C14A07F82AF57ED30000B668 /* Resources */ = {
			isa = PBXResourcesBuildPhase;
			buildActionMask = 2147483647;
			files = (
				C14A08062AF57ED50000B668 /* Preview Assets.xcassets in Resources */,
				C14A08022AF57ED50000B668 /* Assets.xcassets in Resources */,
			);
			runOnlyForDeploymentPostprocessing = 0;
		};
		C14A08092AF57ED50000B668 /* Resources */ = {
			isa = PBXResourcesBuildPhase;
			buildActionMask = 2147483647;
			files = (
			);
			runOnlyForDeploymentPostprocessing = 0;
		};
		C14A08132AF57ED50000B668 /* Resources */ = {
			isa = PBXResourcesBuildPhase;
			buildActionMask = 2147483647;
			files = (
			);
			runOnlyForDeploymentPostprocessing = 0;
		};
/* End PBXResourcesBuildPhase section */

/* Begin PBXSourcesBuildPhase section */
		C14A07F62AF57ED30000B668 /* Sources */ = {
			isa = PBXSourcesBuildPhase;
			buildActionMask = 2147483647;
			files = (
				C14A08372AF592140000B668 /* ItemResultView.swift in Sources */,
				C14A08352AF585600000B668 /* ItemDetailView.swift in Sources */,
				C14A08332AF5854A0000B668 /* ItemListView.swift in Sources */,
				C14A08002AF57ED30000B668 /* ContentView.swift in Sources */,
				C14A082F2AF583770000B668 /* Item.swift in Sources */,
				C14A08392AF5938A0000B668 /* RealmHelper.swift in Sources */,
				C14A07FE2AF57ED30000B668 /* DatabaseTrainApp.swift in Sources */,
				C14A08312AF583830000B668 /* Group.swift in Sources */,
			);
			runOnlyForDeploymentPostprocessing = 0;
		};
		C14A08072AF57ED50000B668 /* Sources */ = {
			isa = PBXSourcesBuildPhase;
			buildActionMask = 2147483647;
			files = (
				C14A08102AF57ED50000B668 /* DatabaseTrainTests.swift in Sources */,
			);
			runOnlyForDeploymentPostprocessing = 0;
		};
		C14A08112AF57ED50000B668 /* Sources */ = {
			isa = PBXSourcesBuildPhase;
			buildActionMask = 2147483647;
			files = (
				C14A081C2AF57ED50000B668 /* DatabaseTrainUITestsLaunchTests.swift in Sources */,
				C14A081A2AF57ED50000B668 /* DatabaseTrainUITests.swift in Sources */,
			);
			runOnlyForDeploymentPostprocessing = 0;
		};
/* End PBXSourcesBuildPhase section */

/* Begin PBXTargetDependency section */
		C14A080D2AF57ED50000B668 /* PBXTargetDependency */ = {
			isa = PBXTargetDependency;
			target = C14A07F92AF57ED30000B668 /* DatabaseTrain */;
			targetProxy = C14A080C2AF57ED50000B668 /* PBXContainerItemProxy */;
		};
		C14A08172AF57ED50000B668 /* PBXTargetDependency */ = {
			isa = PBXTargetDependency;
			target = C14A07F92AF57ED30000B668 /* DatabaseTrain */;
			targetProxy = C14A08162AF57ED50000B668 /* PBXContainerItemProxy */;
		};
/* End PBXTargetDependency section */

/* Begin XCBuildConfiguration section */
		C14A081D2AF57ED50000B668 /* Debug */ = {
			isa = XCBuildConfiguration;
			buildSettings = {
				ALWAYS_SEARCH_USER_PATHS = NO;
				ASSETCATALOG_COMPILER_GENERATE_SWIFT_ASSET_SYMBOL_EXTENSIONS = YES;
				CLANG_ANALYZER_NONNULL = YES;
				CLANG_ANALYZER_NUMBER_OBJECT_CONVERSION = YES_AGGRESSIVE;
				CLANG_CXX_LANGUAGE_STANDARD = "gnu++20";
				CLANG_ENABLE_MODULES = YES;
				CLANG_ENABLE_OBJC_ARC = YES;
				CLANG_ENABLE_OBJC_WEAK = YES;
				CLANG_WARN_BLOCK_CAPTURE_AUTORELEASING = YES;
				CLANG_WARN_BOOL_CONVERSION = YES;
				CLANG_WARN_COMMA = YES;
				CLANG_WARN_CONSTANT_CONVERSION = YES;
				CLANG_WARN_DEPRECATED_OBJC_IMPLEMENTATIONS = YES;
				CLANG_WARN_DIRECT_OBJC_ISA_USAGE = YES_ERROR;
				CLANG_WARN_DOCUMENTATION_COMMENTS = YES;
				CLANG_WARN_EMPTY_BODY = YES;
				CLANG_WARN_ENUM_CONVERSION = YES;
				CLANG_WARN_INFINITE_RECURSION = YES;
				CLANG_WARN_INT_CONVERSION = YES;
				CLANG_WARN_NON_LITERAL_NULL_CONVERSION = YES;
				CLANG_WARN_OBJC_IMPLICIT_RETAIN_SELF = YES;
				CLANG_WARN_OBJC_LITERAL_CONVERSION = YES;
				CLANG_WARN_OBJC_ROOT_CLASS = YES_ERROR;
				CLANG_WARN_QUOTED_INCLUDE_IN_FRAMEWORK_HEADER = YES;
				CLANG_WARN_RANGE_LOOP_ANALYSIS = YES;
				CLANG_WARN_STRICT_PROTOTYPES = YES;
				CLANG_WARN_SUSPICIOUS_MOVE = YES;
				CLANG_WARN_UNGUARDED_AVAILABILITY = YES_AGGRESSIVE;
				CLANG_WARN_UNREACHABLE_CODE = YES;
				CLANG_WARN__DUPLICATE_METHOD_MATCH = YES;
				COPY_PHASE_STRIP = NO;
				DEBUG_INFORMATION_FORMAT = dwarf;
				ENABLE_STRICT_OBJC_MSGSEND = YES;
				ENABLE_TESTABILITY = YES;
				ENABLE_USER_SCRIPT_SANDBOXING = YES;
				GCC_C_LANGUAGE_STANDARD = gnu17;
				GCC_DYNAMIC_NO_PIC = NO;
				GCC_NO_COMMON_BLOCKS = YES;
				GCC_OPTIMIZATION_LEVEL = 0;
				GCC_PREPROCESSOR_DEFINITIONS = (
					"DEBUG=1",
					"$(inherited)",
				);
				GCC_WARN_64_TO_32_BIT_CONVERSION = YES;
				GCC_WARN_ABOUT_RETURN_TYPE = YES_ERROR;
				GCC_WARN_UNDECLARED_SELECTOR = YES;
				GCC_WARN_UNINITIALIZED_AUTOS = YES_AGGRESSIVE;
				GCC_WARN_UNUSED_FUNCTION = YES;
				GCC_WARN_UNUSED_VARIABLE = YES;
				LOCALIZATION_PREFERS_STRING_CATALOGS = YES;
				MTL_ENABLE_DEBUG_INFO = INCLUDE_SOURCE;
				MTL_FAST_MATH = YES;
				ONLY_ACTIVE_ARCH = YES;
				SWIFT_ACTIVE_COMPILATION_CONDITIONS = "DEBUG $(inherited)";
				SWIFT_OPTIMIZATION_LEVEL = "-Onone";
			};
			name = Debug;
		};
		C14A081E2AF57ED50000B668 /* Release */ = {
			isa = XCBuildConfiguration;
			buildSettings = {
				ALWAYS_SEARCH_USER_PATHS = NO;
				ASSETCATALOG_COMPILER_GENERATE_SWIFT_ASSET_SYMBOL_EXTENSIONS = YES;
				CLANG_ANALYZER_NONNULL = YES;
				CLANG_ANALYZER_NUMBER_OBJECT_CONVERSION = YES_AGGRESSIVE;
				CLANG_CXX_LANGUAGE_STANDARD = "gnu++20";
				CLANG_ENABLE_MODULES = YES;
				CLANG_ENABLE_OBJC_ARC = YES;
				CLANG_ENABLE_OBJC_WEAK = YES;
				CLANG_WARN_BLOCK_CAPTURE_AUTORELEASING = YES;
				CLANG_WARN_BOOL_CONVERSION = YES;
				CLANG_WARN_COMMA = YES;
				CLANG_WARN_CONSTANT_CONVERSION = YES;
				CLANG_WARN_DEPRECATED_OBJC_IMPLEMENTATIONS = YES;
				CLANG_WARN_DIRECT_OBJC_ISA_USAGE = YES_ERROR;
				CLANG_WARN_DOCUMENTATION_COMMENTS = YES;
				CLANG_WARN_EMPTY_BODY = YES;
				CLANG_WARN_ENUM_CONVERSION = YES;
				CLANG_WARN_INFINITE_RECURSION = YES;
				CLANG_WARN_INT_CONVERSION = YES;
				CLANG_WARN_NON_LITERAL_NULL_CONVERSION = YES;
				CLANG_WARN_OBJC_IMPLICIT_RETAIN_SELF = YES;
				CLANG_WARN_OBJC_LITERAL_CONVERSION = YES;
				CLANG_WARN_OBJC_ROOT_CLASS = YES_ERROR;
				CLANG_WARN_QUOTED_INCLUDE_IN_FRAMEWORK_HEADER = YES;
				CLANG_WARN_RANGE_LOOP_ANALYSIS = YES;
				CLANG_WARN_STRICT_PROTOTYPES = YES;
				CLANG_WARN_SUSPICIOUS_MOVE = YES;
				CLANG_WARN_UNGUARDED_AVAILABILITY = YES_AGGRESSIVE;
				CLANG_WARN_UNREACHABLE_CODE = YES;
				CLANG_WARN__DUPLICATE_METHOD_MATCH = YES;
				COPY_PHASE_STRIP = NO;
				DEBUG_INFORMATION_FORMAT = "dwarf-with-dsym";
				ENABLE_NS_ASSERTIONS = NO;
				ENABLE_STRICT_OBJC_MSGSEND = YES;
				ENABLE_USER_SCRIPT_SANDBOXING = YES;
				GCC_C_LANGUAGE_STANDARD = gnu17;
				GCC_NO_COMMON_BLOCKS = YES;
				GCC_WARN_64_TO_32_BIT_CONVERSION = YES;
				GCC_WARN_ABOUT_RETURN_TYPE = YES_ERROR;
				GCC_WARN_UNDECLARED_SELECTOR = YES;
				GCC_WARN_UNINITIALIZED_AUTOS = YES_AGGRESSIVE;
				GCC_WARN_UNUSED_FUNCTION = YES;
				GCC_WARN_UNUSED_VARIABLE = YES;
				LOCALIZATION_PREFERS_STRING_CATALOGS = YES;
				MTL_ENABLE_DEBUG_INFO = NO;
				MTL_FAST_MATH = YES;
				SWIFT_COMPILATION_MODE = wholemodule;
			};
			name = Release;
		};
		C14A08202AF57ED50000B668 /* Debug */ = {
			isa = XCBuildConfiguration;
			buildSettings = {
				ASSETCATALOG_COMPILER_APPICON_NAME = AppIcon;
				ASSETCATALOG_COMPILER_GLOBAL_ACCENT_COLOR_NAME = AccentColor;
				CODE_SIGN_ENTITLEMENTS = DatabaseTrain/DatabaseTrain.entitlements;
				CODE_SIGN_STYLE = Automatic;
				CURRENT_PROJECT_VERSION = 1;
				DEVELOPMENT_ASSET_PATHS = "\"DatabaseTrain/Preview Content\"";
				DEVELOPMENT_TEAM = T2U7DM6ZUY;
				ENABLE_HARDENED_RUNTIME = YES;
				ENABLE_PREVIEWS = YES;
				GENERATE_INFOPLIST_FILE = YES;
				"INFOPLIST_KEY_UIApplicationSceneManifest_Generation[sdk=iphoneos*]" = YES;
				"INFOPLIST_KEY_UIApplicationSceneManifest_Generation[sdk=iphonesimulator*]" = YES;
				"INFOPLIST_KEY_UIApplicationSupportsIndirectInputEvents[sdk=iphoneos*]" = YES;
				"INFOPLIST_KEY_UIApplicationSupportsIndirectInputEvents[sdk=iphonesimulator*]" = YES;
				"INFOPLIST_KEY_UILaunchScreen_Generation[sdk=iphoneos*]" = YES;
				"INFOPLIST_KEY_UILaunchScreen_Generation[sdk=iphonesimulator*]" = YES;
				"INFOPLIST_KEY_UIStatusBarStyle[sdk=iphoneos*]" = UIStatusBarStyleDefault;
				"INFOPLIST_KEY_UIStatusBarStyle[sdk=iphonesimulator*]" = UIStatusBarStyleDefault;
				INFOPLIST_KEY_UISupportedInterfaceOrientations_iPad = "UIInterfaceOrientationPortrait UIInterfaceOrientationPortraitUpsideDown UIInterfaceOrientationLandscapeLeft UIInterfaceOrientationLandscapeRight";
				INFOPLIST_KEY_UISupportedInterfaceOrientations_iPhone = "UIInterfaceOrientationPortrait UIInterfaceOrientationLandscapeLeft UIInterfaceOrientationLandscapeRight";
				IPHONEOS_DEPLOYMENT_TARGET = 17.0;
				LD_RUNPATH_SEARCH_PATHS = "@executable_path/Frameworks";
				"LD_RUNPATH_SEARCH_PATHS[sdk=macosx*]" = "@executable_path/../Frameworks";
				MACOSX_DEPLOYMENT_TARGET = 14.0;
				MARKETING_VERSION = 1.0;
				PRODUCT_BUNDLE_IDENTIFIER = "-.DatabaseTrain";
				PRODUCT_NAME = "$(TARGET_NAME)";
				SDKROOT = auto;
				SUPPORTED_PLATFORMS = "iphoneos iphonesimulator macosx";
				SWIFT_EMIT_LOC_STRINGS = YES;
				SWIFT_VERSION = 5.0;
				TARGETED_DEVICE_FAMILY = "1,2";
			};
			name = Debug;
		};
		C14A08212AF57ED50000B668 /* Release */ = {
			isa = XCBuildConfiguration;
			buildSettings = {
				ASSETCATALOG_COMPILER_APPICON_NAME = AppIcon;
				ASSETCATALOG_COMPILER_GLOBAL_ACCENT_COLOR_NAME = AccentColor;
				CODE_SIGN_ENTITLEMENTS = DatabaseTrain/DatabaseTrain.entitlements;
				CODE_SIGN_STYLE = Automatic;
				CURRENT_PROJECT_VERSION = 1;
				DEVELOPMENT_ASSET_PATHS = "\"DatabaseTrain/Preview Content\"";
				DEVELOPMENT_TEAM = T2U7DM6ZUY;
				ENABLE_HARDENED_RUNTIME = YES;
				ENABLE_PREVIEWS = YES;
				GENERATE_INFOPLIST_FILE = YES;
				"INFOPLIST_KEY_UIApplicationSceneManifest_Generation[sdk=iphoneos*]" = YES;
				"INFOPLIST_KEY_UIApplicationSceneManifest_Generation[sdk=iphonesimulator*]" = YES;
				"INFOPLIST_KEY_UIApplicationSupportsIndirectInputEvents[sdk=iphoneos*]" = YES;
				"INFOPLIST_KEY_UIApplicationSupportsIndirectInputEvents[sdk=iphonesimulator*]" = YES;
				"INFOPLIST_KEY_UILaunchScreen_Generation[sdk=iphoneos*]" = YES;
				"INFOPLIST_KEY_UILaunchScreen_Generation[sdk=iphonesimulator*]" = YES;
				"INFOPLIST_KEY_UIStatusBarStyle[sdk=iphoneos*]" = UIStatusBarStyleDefault;
				"INFOPLIST_KEY_UIStatusBarStyle[sdk=iphonesimulator*]" = UIStatusBarStyleDefault;
				INFOPLIST_KEY_UISupportedInterfaceOrientations_iPad = "UIInterfaceOrientationPortrait UIInterfaceOrientationPortraitUpsideDown UIInterfaceOrientationLandscapeLeft UIInterfaceOrientationLandscapeRight";
				INFOPLIST_KEY_UISupportedInterfaceOrientations_iPhone = "UIInterfaceOrientationPortrait UIInterfaceOrientationLandscapeLeft UIInterfaceOrientationLandscapeRight";
				IPHONEOS_DEPLOYMENT_TARGET = 17.0;
				LD_RUNPATH_SEARCH_PATHS = "@executable_path/Frameworks";
				"LD_RUNPATH_SEARCH_PATHS[sdk=macosx*]" = "@executable_path/../Frameworks";
				MACOSX_DEPLOYMENT_TARGET = 14.0;
				MARKETING_VERSION = 1.0;
				PRODUCT_BUNDLE_IDENTIFIER = "-.DatabaseTrain";
				PRODUCT_NAME = "$(TARGET_NAME)";
				SDKROOT = auto;
				SUPPORTED_PLATFORMS = "iphoneos iphonesimulator macosx";
				SWIFT_EMIT_LOC_STRINGS = YES;
				SWIFT_VERSION = 5.0;
				TARGETED_DEVICE_FAMILY = "1,2";
			};
			name = Release;
		};
		C14A08232AF57ED50000B668 /* Debug */ = {
			isa = XCBuildConfiguration;
			buildSettings = {
				ALWAYS_EMBED_SWIFT_STANDARD_LIBRARIES = YES;
				BUNDLE_LOADER = "$(TEST_HOST)";
				CODE_SIGN_STYLE = Automatic;
				CURRENT_PROJECT_VERSION = 1;
				DEVELOPMENT_TEAM = T2U7DM6ZUY;
				GENERATE_INFOPLIST_FILE = YES;
				IPHONEOS_DEPLOYMENT_TARGET = 17.0;
				MACOSX_DEPLOYMENT_TARGET = 14.0;
				MARKETING_VERSION = 1.0;
				PRODUCT_BUNDLE_IDENTIFIER = "-.DatabaseTrainTests";
				PRODUCT_NAME = "$(TARGET_NAME)";
				SDKROOT = auto;
				SUPPORTED_PLATFORMS = "iphoneos iphonesimulator macosx";
				SWIFT_EMIT_LOC_STRINGS = NO;
				SWIFT_VERSION = 5.0;
				TARGETED_DEVICE_FAMILY = "1,2";
				TEST_HOST = "$(BUILT_PRODUCTS_DIR)/DatabaseTrain.app/$(BUNDLE_EXECUTABLE_FOLDER_PATH)/DatabaseTrain";
			};
			name = Debug;
		};
		C14A08242AF57ED50000B668 /* Release */ = {
			isa = XCBuildConfiguration;
			buildSettings = {
				ALWAYS_EMBED_SWIFT_STANDARD_LIBRARIES = YES;
				BUNDLE_LOADER = "$(TEST_HOST)";
				CODE_SIGN_STYLE = Automatic;
				CURRENT_PROJECT_VERSION = 1;
				DEVELOPMENT_TEAM = T2U7DM6ZUY;
				GENERATE_INFOPLIST_FILE = YES;
				IPHONEOS_DEPLOYMENT_TARGET = 17.0;
				MACOSX_DEPLOYMENT_TARGET = 14.0;
				MARKETING_VERSION = 1.0;
				PRODUCT_BUNDLE_IDENTIFIER = "-.DatabaseTrainTests";
				PRODUCT_NAME = "$(TARGET_NAME)";
				SDKROOT = auto;
				SUPPORTED_PLATFORMS = "iphoneos iphonesimulator macosx";
				SWIFT_EMIT_LOC_STRINGS = NO;
				SWIFT_VERSION = 5.0;
				TARGETED_DEVICE_FAMILY = "1,2";
				TEST_HOST = "$(BUILT_PRODUCTS_DIR)/DatabaseTrain.app/$(BUNDLE_EXECUTABLE_FOLDER_PATH)/DatabaseTrain";
			};
			name = Release;
		};
		C14A08262AF57ED50000B668 /* Debug */ = {
			isa = XCBuildConfiguration;
			buildSettings = {
				ALWAYS_EMBED_SWIFT_STANDARD_LIBRARIES = YES;
				CODE_SIGN_STYLE = Automatic;
				CURRENT_PROJECT_VERSION = 1;
				DEVELOPMENT_TEAM = T2U7DM6ZUY;
				GENERATE_INFOPLIST_FILE = YES;
				IPHONEOS_DEPLOYMENT_TARGET = 17.0;
				MACOSX_DEPLOYMENT_TARGET = 14.0;
				MARKETING_VERSION = 1.0;
				PRODUCT_BUNDLE_IDENTIFIER = "-.DatabaseTrainUITests";
				PRODUCT_NAME = "$(TARGET_NAME)";
				SDKROOT = auto;
				SUPPORTED_PLATFORMS = "iphoneos iphonesimulator macosx";
				SWIFT_EMIT_LOC_STRINGS = NO;
				SWIFT_VERSION = 5.0;
				TARGETED_DEVICE_FAMILY = "1,2";
				TEST_TARGET_NAME = DatabaseTrain;
			};
			name = Debug;
		};
		C14A08272AF57ED50000B668 /* Release */ = {
			isa = XCBuildConfiguration;
			buildSettings = {
				ALWAYS_EMBED_SWIFT_STANDARD_LIBRARIES = YES;
				CODE_SIGN_STYLE = Automatic;
				CURRENT_PROJECT_VERSION = 1;
				DEVELOPMENT_TEAM = T2U7DM6ZUY;
				GENERATE_INFOPLIST_FILE = YES;
				IPHONEOS_DEPLOYMENT_TARGET = 17.0;
				MACOSX_DEPLOYMENT_TARGET = 14.0;
				MARKETING_VERSION = 1.0;
				PRODUCT_BUNDLE_IDENTIFIER = "-.DatabaseTrainUITests";
				PRODUCT_NAME = "$(TARGET_NAME)";
				SDKROOT = auto;
				SUPPORTED_PLATFORMS = "iphoneos iphonesimulator macosx";
				SWIFT_EMIT_LOC_STRINGS = NO;
				SWIFT_VERSION = 5.0;
				TARGETED_DEVICE_FAMILY = "1,2";
				TEST_TARGET_NAME = DatabaseTrain;
			};
			name = Release;
		};
/* End XCBuildConfiguration section */

/* Begin XCConfigurationList section */
		C14A07F52AF57ED30000B668 /* Build configuration list for PBXProject "DatabaseTrain" */ = {
			isa = XCConfigurationList;
			buildConfigurations = (
				C14A081D2AF57ED50000B668 /* Debug */,
				C14A081E2AF57ED50000B668 /* Release */,
			);
			defaultConfigurationIsVisible = 0;
			defaultConfigurationName = Release;
		};
		C14A081F2AF57ED50000B668 /* Build configuration list for PBXNativeTarget "DatabaseTrain" */ = {
			isa = XCConfigurationList;
			buildConfigurations = (
				C14A08202AF57ED50000B668 /* Debug */,
				C14A08212AF57ED50000B668 /* Release */,
			);
			defaultConfigurationIsVisible = 0;
			defaultConfigurationName = Release;
		};
		C14A08222AF57ED50000B668 /* Build configuration list for PBXNativeTarget "DatabaseTrainTests" */ = {
			isa = XCConfigurationList;
			buildConfigurations = (
				C14A08232AF57ED50000B668 /* Debug */,
				C14A08242AF57ED50000B668 /* Release */,
			);
			defaultConfigurationIsVisible = 0;
			defaultConfigurationName = Release;
		};
		C14A08252AF57ED50000B668 /* Build configuration list for PBXNativeTarget "DatabaseTrainUITests" */ = {
			isa = XCConfigurationList;
			buildConfigurations = (
				C14A08262AF57ED50000B668 /* Debug */,
				C14A08272AF57ED50000B668 /* Release */,
			);
			defaultConfigurationIsVisible = 0;
			defaultConfigurationName = Release;
		};
/* End XCConfigurationList section */

/* Begin XCRemoteSwiftPackageReference section */
		C14A08282AF5818F0000B668 /* XCRemoteSwiftPackageReference "realm-swift" */ = {
			isa = XCRemoteSwiftPackageReference;
			repositoryURL = "https://github.com/realm/realm-swift.git";
			requirement = {
				kind = upToNextMajorVersion;
				minimumVersion = 10.44.0;
			};
		};
/* End XCRemoteSwiftPackageReference section */

/* Begin XCSwiftPackageProductDependency section */
		C14A08292AF582AD0000B668 /* Realm */ = {
			isa = XCSwiftPackageProductDependency;
			package = C14A08282AF5818F0000B668 /* XCRemoteSwiftPackageReference "realm-swift" */;
			productName = Realm;
		};
		C14A082B2AF582AD0000B668 /* RealmSwift */ = {
			isa = XCSwiftPackageProductDependency;
			package = C14A08282AF5818F0000B668 /* XCRemoteSwiftPackageReference "realm-swift" */;
			productName = RealmSwift;
		};
/* End XCSwiftPackageProductDependency section */
	};
	rootObject = C14A07F22AF57ED30000B668 /* Project object */;
}
