// !$*UTF8*$!
{
	archiveVersion = 1;
	classes = {
	};
	objectVersion = 56;
	objects = {

/* Begin PBXBuildFile section */
		C10390362AF3D995008DA3AA /* GetYourBeerApp.swift in Sources */ = {isa = PBXBuildFile; fileRef = C10390352AF3D995008DA3AA /* GetYourBeerApp.swift */; };
		C10390382AF3D995008DA3AA /* GetYourBeerView.swift in Sources */ = {isa = PBXBuildFile; fileRef = C10390372AF3D995008DA3AA /* GetYourBeerView.swift */; };
		C103903A2AF3D997008DA3AA /* Assets.xcassets in Resources */ = {isa = PBXBuildFile; fileRef = C10390392AF3D997008DA3AA /* Assets.xcassets */; };
		C103903E2AF3D997008DA3AA /* Preview Assets.xcassets in Resources */ = {isa = PBXBuildFile; fileRef = C103903D2AF3D997008DA3AA /* Preview Assets.xcassets */; };
		C10390482AF3D997008DA3AA /* GetYourBeerTests.swift in Sources */ = {isa = PBXBuildFile; fileRef = C10390472AF3D997008DA3AA /* GetYourBeerTests.swift */; };
		C10390522AF3D997008DA3AA /* GetYourBeerUITests.swift in Sources */ = {isa = PBXBuildFile; fileRef = C10390512AF3D997008DA3AA /* GetYourBeerUITests.swift */; };
		C10390542AF3D997008DA3AA /* GetYourBeerUITestsLaunchTests.swift in Sources */ = {isa = PBXBuildFile; fileRef = C10390532AF3D997008DA3AA /* GetYourBeerUITestsLaunchTests.swift */; };
/* End PBXBuildFile section */

/* Begin PBXContainerItemProxy section */
		C10390442AF3D997008DA3AA /* PBXContainerItemProxy */ = {
			isa = PBXContainerItemProxy;
			containerPortal = C103902A2AF3D995008DA3AA /* Project object */;
			proxyType = 1;
			remoteGlobalIDString = C10390312AF3D995008DA3AA;
			remoteInfo = GetYourBeer;
		};
		C103904E2AF3D997008DA3AA /* PBXContainerItemProxy */ = {
			isa = PBXContainerItemProxy;
			containerPortal = C103902A2AF3D995008DA3AA /* Project object */;
			proxyType = 1;
			remoteGlobalIDString = C10390312AF3D995008DA3AA;
			remoteInfo = GetYourBeer;
		};
/* End PBXContainerItemProxy section */

/* Begin PBXFileReference section */
		C10390322AF3D995008DA3AA /* GetYourBeer.app */ = {isa = PBXFileReference; explicitFileType = wrapper.application; includeInIndex = 0; path = GetYourBeer.app; sourceTree = BUILT_PRODUCTS_DIR; };
		C10390352AF3D995008DA3AA /* GetYourBeerApp.swift */ = {isa = PBXFileReference; lastKnownFileType = sourcecode.swift; path = GetYourBeerApp.swift; sourceTree = "<group>"; };
		C10390372AF3D995008DA3AA /* GetYourBeerView.swift */ = {isa = PBXFileReference; lastKnownFileType = sourcecode.swift; path = GetYourBeerView.swift; sourceTree = "<group>"; };
		C10390392AF3D997008DA3AA /* Assets.xcassets */ = {isa = PBXFileReference; lastKnownFileType = folder.assetcatalog; path = Assets.xcassets; sourceTree = "<group>"; };
		C103903B2AF3D997008DA3AA /* GetYourBeer.entitlements */ = {isa = PBXFileReference; lastKnownFileType = text.plist.entitlements; path = GetYourBeer.entitlements; sourceTree = "<group>"; };
		C103903D2AF3D997008DA3AA /* Preview Assets.xcassets */ = {isa = PBXFileReference; lastKnownFileType = folder.assetcatalog; path = "Preview Assets.xcassets"; sourceTree = "<group>"; };
		C10390432AF3D997008DA3AA /* GetYourBeerTests.xctest */ = {isa = PBXFileReference; explicitFileType = wrapper.cfbundle; includeInIndex = 0; path = GetYourBeerTests.xctest; sourceTree = BUILT_PRODUCTS_DIR; };
		C10390472AF3D997008DA3AA /* GetYourBeerTests.swift */ = {isa = PBXFileReference; lastKnownFileType = sourcecode.swift; path = GetYourBeerTests.swift; sourceTree = "<group>"; };
		C103904D2AF3D997008DA3AA /* GetYourBeerUITests.xctest */ = {isa = PBXFileReference; explicitFileType = wrapper.cfbundle; includeInIndex = 0; path = GetYourBeerUITests.xctest; sourceTree = BUILT_PRODUCTS_DIR; };
		C10390512AF3D997008DA3AA /* GetYourBeerUITests.swift */ = {isa = PBXFileReference; lastKnownFileType = sourcecode.swift; path = GetYourBeerUITests.swift; sourceTree = "<group>"; };
		C10390532AF3D997008DA3AA /* GetYourBeerUITestsLaunchTests.swift */ = {isa = PBXFileReference; lastKnownFileType = sourcecode.swift; path = GetYourBeerUITestsLaunchTests.swift; sourceTree = "<group>"; };
/* End PBXFileReference section */

/* Begin PBXFrameworksBuildPhase section */
		C103902F2AF3D995008DA3AA /* Frameworks */ = {
			isa = PBXFrameworksBuildPhase;
			buildActionMask = 2147483647;
			files = (
			);
			runOnlyForDeploymentPostprocessing = 0;
		};
		C10390402AF3D997008DA3AA /* Frameworks */ = {
			isa = PBXFrameworksBuildPhase;
			buildActionMask = 2147483647;
			files = (
			);
			runOnlyForDeploymentPostprocessing = 0;
		};
		C103904A2AF3D997008DA3AA /* Frameworks */ = {
			isa = PBXFrameworksBuildPhase;
			buildActionMask = 2147483647;
			files = (
			);
			runOnlyForDeploymentPostprocessing = 0;
		};
/* End PBXFrameworksBuildPhase section */

/* Begin PBXGroup section */
		C10390292AF3D995008DA3AA = {
			isa = PBXGroup;
			children = (
				C10390342AF3D995008DA3AA /* GetYourBeer */,
				C10390462AF3D997008DA3AA /* GetYourBeerTests */,
				C10390502AF3D997008DA3AA /* GetYourBeerUITests */,
				C10390332AF3D995008DA3AA /* Products */,
			);
			sourceTree = "<group>";
		};
		C10390332AF3D995008DA3AA /* Products */ = {
			isa = PBXGroup;
			children = (
				C10390322AF3D995008DA3AA /* GetYourBeer.app */,
				C10390432AF3D997008DA3AA /* GetYourBeerTests.xctest */,
				C103904D2AF3D997008DA3AA /* GetYourBeerUITests.xctest */,
			);
			name = Products;
			sourceTree = "<group>";
		};
		C10390342AF3D995008DA3AA /* GetYourBeer */ = {
			isa = PBXGroup;
			children = (
				C10390352AF3D995008DA3AA /* GetYourBeerApp.swift */,
				C10390372AF3D995008DA3AA /* GetYourBeerView.swift */,
				C10390392AF3D997008DA3AA /* Assets.xcassets */,
				C103903B2AF3D997008DA3AA /* GetYourBeer.entitlements */,
				C103903C2AF3D997008DA3AA /* Preview Content */,
			);
			path = GetYourBeer;
			sourceTree = "<group>";
		};
		C103903C2AF3D997008DA3AA /* Preview Content */ = {
			isa = PBXGroup;
			children = (
				C103903D2AF3D997008DA3AA /* Preview Assets.xcassets */,
			);
			path = "Preview Content";
			sourceTree = "<group>";
		};
		C10390462AF3D997008DA3AA /* GetYourBeerTests */ = {
			isa = PBXGroup;
			children = (
				C10390472AF3D997008DA3AA /* GetYourBeerTests.swift */,
			);
			path = GetYourBeerTests;
			sourceTree = "<group>";
		};
		C10390502AF3D997008DA3AA /* GetYourBeerUITests */ = {
			isa = PBXGroup;
			children = (
				C10390512AF3D997008DA3AA /* GetYourBeerUITests.swift */,
				C10390532AF3D997008DA3AA /* GetYourBeerUITestsLaunchTests.swift */,
			);
			path = GetYourBeerUITests;
			sourceTree = "<group>";
		};
/* End PBXGroup section */

/* Begin PBXNativeTarget section */
		C10390312AF3D995008DA3AA /* GetYourBeer */ = {
			isa = PBXNativeTarget;
			buildConfigurationList = C10390572AF3D997008DA3AA /* Build configuration list for PBXNativeTarget "GetYourBeer" */;
			buildPhases = (
				C103902E2AF3D995008DA3AA /* Sources */,
				C103902F2AF3D995008DA3AA /* Frameworks */,
				C10390302AF3D995008DA3AA /* Resources */,
			);
			buildRules = (
			);
			dependencies = (
			);
			name = GetYourBeer;
			productName = GetYourBeer;
			productReference = C10390322AF3D995008DA3AA /* GetYourBeer.app */;
			productType = "com.apple.product-type.application";
		};
		C10390422AF3D997008DA3AA /* GetYourBeerTests */ = {
			isa = PBXNativeTarget;
			buildConfigurationList = C103905A2AF3D997008DA3AA /* Build configuration list for PBXNativeTarget "GetYourBeerTests" */;
			buildPhases = (
				C103903F2AF3D997008DA3AA /* Sources */,
				C10390402AF3D997008DA3AA /* Frameworks */,
				C10390412AF3D997008DA3AA /* Resources */,
			);
			buildRules = (
			);
			dependencies = (
				C10390452AF3D997008DA3AA /* PBXTargetDependency */,
			);
			name = GetYourBeerTests;
			productName = GetYourBeerTests;
			productReference = C10390432AF3D997008DA3AA /* GetYourBeerTests.xctest */;
			productType = "com.apple.product-type.bundle.unit-test";
		};
		C103904C2AF3D997008DA3AA /* GetYourBeerUITests */ = {
			isa = PBXNativeTarget;
			buildConfigurationList = C103905D2AF3D997008DA3AA /* Build configuration list for PBXNativeTarget "GetYourBeerUITests" */;
			buildPhases = (
				C10390492AF3D997008DA3AA /* Sources */,
				C103904A2AF3D997008DA3AA /* Frameworks */,
				C103904B2AF3D997008DA3AA /* Resources */,
			);
			buildRules = (
			);
			dependencies = (
				C103904F2AF3D997008DA3AA /* PBXTargetDependency */,
			);
			name = GetYourBeerUITests;
			productName = GetYourBeerUITests;
			productReference = C103904D2AF3D997008DA3AA /* GetYourBeerUITests.xctest */;
			productType = "com.apple.product-type.bundle.ui-testing";
		};
/* End PBXNativeTarget section */

/* Begin PBXProject section */
		C103902A2AF3D995008DA3AA /* Project object */ = {
			isa = PBXProject;
			attributes = {
				BuildIndependentTargetsInParallel = 1;
				LastSwiftUpdateCheck = 1500;
				LastUpgradeCheck = 1500;
				TargetAttributes = {
					C10390312AF3D995008DA3AA = {
						CreatedOnToolsVersion = 15.0;
					};
					C10390422AF3D997008DA3AA = {
						CreatedOnToolsVersion = 15.0;
						TestTargetID = C10390312AF3D995008DA3AA;
					};
					C103904C2AF3D997008DA3AA = {
						CreatedOnToolsVersion = 15.0;
						TestTargetID = C10390312AF3D995008DA3AA;
					};
				};
			};
			buildConfigurationList = C103902D2AF3D995008DA3AA /* Build configuration list for PBXProject "GetYourBeer" */;
			compatibilityVersion = "Xcode 14.0";
			developmentRegion = en;
			hasScannedForEncodings = 0;
			knownRegions = (
				en,
				Base,
			);
			mainGroup = C10390292AF3D995008DA3AA;
			productRefGroup = C10390332AF3D995008DA3AA /* Products */;
			projectDirPath = "";
			projectRoot = "";
			targets = (
				C10390312AF3D995008DA3AA /* GetYourBeer */,
				C10390422AF3D997008DA3AA /* GetYourBeerTests */,
				C103904C2AF3D997008DA3AA /* GetYourBeerUITests */,
			);
		};
/* End PBXProject section */

/* Begin PBXResourcesBuildPhase section */
		C10390302AF3D995008DA3AA /* Resources */ = {
			isa = PBXResourcesBuildPhase;
			buildActionMask = 2147483647;
			files = (
				C103903E2AF3D997008DA3AA /* Preview Assets.xcassets in Resources */,
				C103903A2AF3D997008DA3AA /* Assets.xcassets in Resources */,
			);
			runOnlyForDeploymentPostprocessing = 0;
		};
		C10390412AF3D997008DA3AA /* Resources */ = {
			isa = PBXResourcesBuildPhase;
			buildActionMask = 2147483647;
			files = (
			);
			runOnlyForDeploymentPostprocessing = 0;
		};
		C103904B2AF3D997008DA3AA /* Resources */ = {
			isa = PBXResourcesBuildPhase;
			buildActionMask = 2147483647;
			files = (
			);
			runOnlyForDeploymentPostprocessing = 0;
		};
/* End PBXResourcesBuildPhase section */

/* Begin PBXSourcesBuildPhase section */
		C103902E2AF3D995008DA3AA /* Sources */ = {
			isa = PBXSourcesBuildPhase;
			buildActionMask = 2147483647;
			files = (
				C10390382AF3D995008DA3AA /* GetYourBeerView.swift in Sources */,
				C10390362AF3D995008DA3AA /* GetYourBeerApp.swift in Sources */,
			);
			runOnlyForDeploymentPostprocessing = 0;
		};
		C103903F2AF3D997008DA3AA /* Sources */ = {
			isa = PBXSourcesBuildPhase;
			buildActionMask = 2147483647;
			files = (
				C10390482AF3D997008DA3AA /* GetYourBeerTests.swift in Sources */,
			);
			runOnlyForDeploymentPostprocessing = 0;
		};
		C10390492AF3D997008DA3AA /* Sources */ = {
			isa = PBXSourcesBuildPhase;
			buildActionMask = 2147483647;
			files = (
				C10390542AF3D997008DA3AA /* GetYourBeerUITestsLaunchTests.swift in Sources */,
				C10390522AF3D997008DA3AA /* GetYourBeerUITests.swift in Sources */,
			);
			runOnlyForDeploymentPostprocessing = 0;
		};
/* End PBXSourcesBuildPhase section */

/* Begin PBXTargetDependency section */
		C10390452AF3D997008DA3AA /* PBXTargetDependency */ = {
			isa = PBXTargetDependency;
			target = C10390312AF3D995008DA3AA /* GetYourBeer */;
			targetProxy = C10390442AF3D997008DA3AA /* PBXContainerItemProxy */;
		};
		C103904F2AF3D997008DA3AA /* PBXTargetDependency */ = {
			isa = PBXTargetDependency;
			target = C10390312AF3D995008DA3AA /* GetYourBeer */;
			targetProxy = C103904E2AF3D997008DA3AA /* PBXContainerItemProxy */;
		};
/* End PBXTargetDependency section */

/* Begin XCBuildConfiguration section */
		C10390552AF3D997008DA3AA /* Debug */ = {
			isa = XCBuildConfiguration;
			buildSettings = {
				ALWAYS_SEARCH_USER_PATHS = NO;
				ASSETCATALOG_COMPILER_GENERATE_SWIFT_ASSET_SYMBOL_EXTENSIONS = YES;
				CLANG_ANALYZER_NONNULL = YES;
				CLANG_ANALYZER_NUMBER_OBJECT_CONVERSION = YES_AGGRESSIVE;
				CLANG_CXX_LANGUAGE_STANDARD = "gnu++20";
				CLANG_ENABLE_MODULES = YES;
				CLANG_ENABLE_OBJC_ARC = YES;
				CLANG_ENABLE_OBJC_WEAK = YES;
				CLANG_WARN_BLOCK_CAPTURE_AUTORELEASING = YES;
				CLANG_WARN_BOOL_CONVERSION = YES;
				CLANG_WARN_COMMA = YES;
				CLANG_WARN_CONSTANT_CONVERSION = YES;
				CLANG_WARN_DEPRECATED_OBJC_IMPLEMENTATIONS = YES;
				CLANG_WARN_DIRECT_OBJC_ISA_USAGE = YES_ERROR;
				CLANG_WARN_DOCUMENTATION_COMMENTS = YES;
				CLANG_WARN_EMPTY_BODY = YES;
				CLANG_WARN_ENUM_CONVERSION = YES;
				CLANG_WARN_INFINITE_RECURSION = YES;
				CLANG_WARN_INT_CONVERSION = YES;
				CLANG_WARN_NON_LITERAL_NULL_CONVERSION = YES;
				CLANG_WARN_OBJC_IMPLICIT_RETAIN_SELF = YES;
				CLANG_WARN_OBJC_LITERAL_CONVERSION = YES;
				CLANG_WARN_OBJC_ROOT_CLASS = YES_ERROR;
				CLANG_WARN_QUOTED_INCLUDE_IN_FRAMEWORK_HEADER = YES;
				CLANG_WARN_RANGE_LOOP_ANALYSIS = YES;
				CLANG_WARN_STRICT_PROTOTYPES = YES;
				CLANG_WARN_SUSPICIOUS_MOVE = YES;
				CLANG_WARN_UNGUARDED_AVAILABILITY = YES_AGGRESSIVE;
				CLANG_WARN_UNREACHABLE_CODE = YES;
				CLANG_WARN__DUPLICATE_METHOD_MATCH = YES;
				COPY_PHASE_STRIP = NO;
				DEBUG_INFORMATION_FORMAT = dwarf;
				ENABLE_STRICT_OBJC_MSGSEND = YES;
				ENABLE_TESTABILITY = YES;
				ENABLE_USER_SCRIPT_SANDBOXING = YES;
				GCC_C_LANGUAGE_STANDARD = gnu17;
				GCC_DYNAMIC_NO_PIC = NO;
				GCC_NO_COMMON_BLOCKS = YES;
				GCC_OPTIMIZATION_LEVEL = 0;
				GCC_PREPROCESSOR_DEFINITIONS = (
					"DEBUG=1",
					"$(inherited)",
				);
				GCC_WARN_64_TO_32_BIT_CONVERSION = YES;
				GCC_WARN_ABOUT_RETURN_TYPE = YES_ERROR;
				GCC_WARN_UNDECLARED_SELECTOR = YES;
				GCC_WARN_UNINITIALIZED_AUTOS = YES_AGGRESSIVE;
				GCC_WARN_UNUSED_FUNCTION = YES;
				GCC_WARN_UNUSED_VARIABLE = YES;
				LOCALIZATION_PREFERS_STRING_CATALOGS = YES;
				MTL_ENABLE_DEBUG_INFO = INCLUDE_SOURCE;
				MTL_FAST_MATH = YES;
				ONLY_ACTIVE_ARCH = YES;
				SWIFT_ACTIVE_COMPILATION_CONDITIONS = "DEBUG $(inherited)";
				SWIFT_OPTIMIZATION_LEVEL = "-Onone";
			};
			name = Debug;
		};
		C10390562AF3D997008DA3AA /* Release */ = {
			isa = XCBuildConfiguration;
			buildSettings = {
				ALWAYS_SEARCH_USER_PATHS = NO;
				ASSETCATALOG_COMPILER_GENERATE_SWIFT_ASSET_SYMBOL_EXTENSIONS = YES;
				CLANG_ANALYZER_NONNULL = YES;
				CLANG_ANALYZER_NUMBER_OBJECT_CONVERSION = YES_AGGRESSIVE;
				CLANG_CXX_LANGUAGE_STANDARD = "gnu++20";
				CLANG_ENABLE_MODULES = YES;
				CLANG_ENABLE_OBJC_ARC = YES;
				CLANG_ENABLE_OBJC_WEAK = YES;
				CLANG_WARN_BLOCK_CAPTURE_AUTORELEASING = YES;
				CLANG_WARN_BOOL_CONVERSION = YES;
				CLANG_WARN_COMMA = YES;
				CLANG_WARN_CONSTANT_CONVERSION = YES;
				CLANG_WARN_DEPRECATED_OBJC_IMPLEMENTATIONS = YES;
				CLANG_WARN_DIRECT_OBJC_ISA_USAGE = YES_ERROR;
				CLANG_WARN_DOCUMENTATION_COMMENTS = YES;
				CLANG_WARN_EMPTY_BODY = YES;
				CLANG_WARN_ENUM_CONVERSION = YES;
				CLANG_WARN_INFINITE_RECURSION = YES;
				CLANG_WARN_INT_CONVERSION = YES;
				CLANG_WARN_NON_LITERAL_NULL_CONVERSION = YES;
				CLANG_WARN_OBJC_IMPLICIT_RETAIN_SELF = YES;
				CLANG_WARN_OBJC_LITERAL_CONVERSION = YES;
				CLANG_WARN_OBJC_ROOT_CLASS = YES_ERROR;
				CLANG_WARN_QUOTED_INCLUDE_IN_FRAMEWORK_HEADER = YES;
				CLANG_WARN_RANGE_LOOP_ANALYSIS = YES;
				CLANG_WARN_STRICT_PROTOTYPES = YES;
				CLANG_WARN_SUSPICIOUS_MOVE = YES;
				CLANG_WARN_UNGUARDED_AVAILABILITY = YES_AGGRESSIVE;
				CLANG_WARN_UNREACHABLE_CODE = YES;
				CLANG_WARN__DUPLICATE_METHOD_MATCH = YES;
				COPY_PHASE_STRIP = NO;
				DEBUG_INFORMATION_FORMAT = "dwarf-with-dsym";
				ENABLE_NS_ASSERTIONS = NO;
				ENABLE_STRICT_OBJC_MSGSEND = YES;
				ENABLE_USER_SCRIPT_SANDBOXING = YES;
				GCC_C_LANGUAGE_STANDARD = gnu17;
				GCC_NO_COMMON_BLOCKS = YES;
				GCC_WARN_64_TO_32_BIT_CONVERSION = YES;
				GCC_WARN_ABOUT_RETURN_TYPE = YES_ERROR;
				GCC_WARN_UNDECLARED_SELECTOR = YES;
				GCC_WARN_UNINITIALIZED_AUTOS = YES_AGGRESSIVE;
				GCC_WARN_UNUSED_FUNCTION = YES;
				GCC_WARN_UNUSED_VARIABLE = YES;
				LOCALIZATION_PREFERS_STRING_CATALOGS = YES;
				MTL_ENABLE_DEBUG_INFO = NO;
				MTL_FAST_MATH = YES;
				SWIFT_COMPILATION_MODE = wholemodule;
			};
			name = Release;
		};
		C10390582AF3D997008DA3AA /* Debug */ = {
			isa = XCBuildConfiguration;
			buildSettings = {
				ASSETCATALOG_COMPILER_APPICON_NAME = AppIcon;
				ASSETCATALOG_COMPILER_GLOBAL_ACCENT_COLOR_NAME = AccentColor;
				CODE_SIGN_ENTITLEMENTS = GetYourBeer/GetYourBeer.entitlements;
				CODE_SIGN_STYLE = Automatic;
				CURRENT_PROJECT_VERSION = 1;
				DEVELOPMENT_ASSET_PATHS = "\"GetYourBeer/Preview Content\"";
				DEVELOPMENT_TEAM = T2U7DM6ZUY;
				ENABLE_HARDENED_RUNTIME = YES;
				ENABLE_PREVIEWS = YES;
				GENERATE_INFOPLIST_FILE = YES;
				"INFOPLIST_KEY_UIApplicationSceneManifest_Generation[sdk=iphoneos*]" = YES;
				"INFOPLIST_KEY_UIApplicationSceneManifest_Generation[sdk=iphonesimulator*]" = YES;
				"INFOPLIST_KEY_UIApplicationSupportsIndirectInputEvents[sdk=iphoneos*]" = YES;
				"INFOPLIST_KEY_UIApplicationSupportsIndirectInputEvents[sdk=iphonesimulator*]" = YES;
				"INFOPLIST_KEY_UILaunchScreen_Generation[sdk=iphoneos*]" = YES;
				"INFOPLIST_KEY_UILaunchScreen_Generation[sdk=iphonesimulator*]" = YES;
				"INFOPLIST_KEY_UIStatusBarStyle[sdk=iphoneos*]" = UIStatusBarStyleDefault;
				"INFOPLIST_KEY_UIStatusBarStyle[sdk=iphonesimulator*]" = UIStatusBarStyleDefault;
				INFOPLIST_KEY_UISupportedInterfaceOrientations_iPad = "UIInterfaceOrientationPortrait UIInterfaceOrientationPortraitUpsideDown UIInterfaceOrientationLandscapeLeft UIInterfaceOrientationLandscapeRight";
				INFOPLIST_KEY_UISupportedInterfaceOrientations_iPhone = "UIInterfaceOrientationPortrait UIInterfaceOrientationLandscapeLeft UIInterfaceOrientationLandscapeRight";
				IPHONEOS_DEPLOYMENT_TARGET = 17.0;
				LD_RUNPATH_SEARCH_PATHS = "@executable_path/Frameworks";
				"LD_RUNPATH_SEARCH_PATHS[sdk=macosx*]" = "@executable_path/../Frameworks";
				MACOSX_DEPLOYMENT_TARGET = 14.0;
				MARKETING_VERSION = 1.0;
				PRODUCT_BUNDLE_IDENTIFIER = "-.GetYourBeer";
				PRODUCT_NAME = "$(TARGET_NAME)";
				SDKROOT = auto;
				SUPPORTED_PLATFORMS = "iphoneos iphonesimulator macosx";
				SWIFT_EMIT_LOC_STRINGS = YES;
				SWIFT_VERSION = 5.0;
				TARGETED_DEVICE_FAMILY = "1,2";
			};
			name = Debug;
		};
		C10390592AF3D997008DA3AA /* Release */ = {
			isa = XCBuildConfiguration;
			buildSettings = {
				ASSETCATALOG_COMPILER_APPICON_NAME = AppIcon;
				ASSETCATALOG_COMPILER_GLOBAL_ACCENT_COLOR_NAME = AccentColor;
				CODE_SIGN_ENTITLEMENTS = GetYourBeer/GetYourBeer.entitlements;
				CODE_SIGN_STYLE = Automatic;
				CURRENT_PROJECT_VERSION = 1;
				DEVELOPMENT_ASSET_PATHS = "\"GetYourBeer/Preview Content\"";
				DEVELOPMENT_TEAM = T2U7DM6ZUY;
				ENABLE_HARDENED_RUNTIME = YES;
				ENABLE_PREVIEWS = YES;
				GENERATE_INFOPLIST_FILE = YES;
				"INFOPLIST_KEY_UIApplicationSceneManifest_Generation[sdk=iphoneos*]" = YES;
				"INFOPLIST_KEY_UIApplicationSceneManifest_Generation[sdk=iphonesimulator*]" = YES;
				"INFOPLIST_KEY_UIApplicationSupportsIndirectInputEvents[sdk=iphoneos*]" = YES;
				"INFOPLIST_KEY_UIApplicationSupportsIndirectInputEvents[sdk=iphonesimulator*]" = YES;
				"INFOPLIST_KEY_UILaunchScreen_Generation[sdk=iphoneos*]" = YES;
				"INFOPLIST_KEY_UILaunchScreen_Generation[sdk=iphonesimulator*]" = YES;
				"INFOPLIST_KEY_UIStatusBarStyle[sdk=iphoneos*]" = UIStatusBarStyleDefault;
				"INFOPLIST_KEY_UIStatusBarStyle[sdk=iphonesimulator*]" = UIStatusBarStyleDefault;
				INFOPLIST_KEY_UISupportedInterfaceOrientations_iPad = "UIInterfaceOrientationPortrait UIInterfaceOrientationPortraitUpsideDown UIInterfaceOrientationLandscapeLeft UIInterfaceOrientationLandscapeRight";
				INFOPLIST_KEY_UISupportedInterfaceOrientations_iPhone = "UIInterfaceOrientationPortrait UIInterfaceOrientationLandscapeLeft UIInterfaceOrientationLandscapeRight";
				IPHONEOS_DEPLOYMENT_TARGET = 17.0;
				LD_RUNPATH_SEARCH_PATHS = "@executable_path/Frameworks";
				"LD_RUNPATH_SEARCH_PATHS[sdk=macosx*]" = "@executable_path/../Frameworks";
				MACOSX_DEPLOYMENT_TARGET = 14.0;
				MARKETING_VERSION = 1.0;
				PRODUCT_BUNDLE_IDENTIFIER = "-.GetYourBeer";
				PRODUCT_NAME = "$(TARGET_NAME)";
				SDKROOT = auto;
				SUPPORTED_PLATFORMS = "iphoneos iphonesimulator macosx";
				SWIFT_EMIT_LOC_STRINGS = YES;
				SWIFT_VERSION = 5.0;
				TARGETED_DEVICE_FAMILY = "1,2";
			};
			name = Release;
		};
		C103905B2AF3D997008DA3AA /* Debug */ = {
			isa = XCBuildConfiguration;
			buildSettings = {
				ALWAYS_EMBED_SWIFT_STANDARD_LIBRARIES = YES;
				BUNDLE_LOADER = "$(TEST_HOST)";
				CODE_SIGN_STYLE = Automatic;
				CURRENT_PROJECT_VERSION = 1;
				DEVELOPMENT_TEAM = T2U7DM6ZUY;
				GENERATE_INFOPLIST_FILE = YES;
				IPHONEOS_DEPLOYMENT_TARGET = 17.0;
				MACOSX_DEPLOYMENT_TARGET = 14.0;
				MARKETING_VERSION = 1.0;
				PRODUCT_BUNDLE_IDENTIFIER = "-.GetYourBeerTests";
				PRODUCT_NAME = "$(TARGET_NAME)";
				SDKROOT = auto;
				SUPPORTED_PLATFORMS = "iphoneos iphonesimulator macosx";
				SWIFT_EMIT_LOC_STRINGS = NO;
				SWIFT_VERSION = 5.0;
				TARGETED_DEVICE_FAMILY = "1,2";
				TEST_HOST = "$(BUILT_PRODUCTS_DIR)/GetYourBeer.app/$(BUNDLE_EXECUTABLE_FOLDER_PATH)/GetYourBeer";
			};
			name = Debug;
		};
		C103905C2AF3D997008DA3AA /* Release */ = {
			isa = XCBuildConfiguration;
			buildSettings = {
				ALWAYS_EMBED_SWIFT_STANDARD_LIBRARIES = YES;
				BUNDLE_LOADER = "$(TEST_HOST)";
				CODE_SIGN_STYLE = Automatic;
				CURRENT_PROJECT_VERSION = 1;
				DEVELOPMENT_TEAM = T2U7DM6ZUY;
				GENERATE_INFOPLIST_FILE = YES;
				IPHONEOS_DEPLOYMENT_TARGET = 17.0;
				MACOSX_DEPLOYMENT_TARGET = 14.0;
				MARKETING_VERSION = 1.0;
				PRODUCT_BUNDLE_IDENTIFIER = "-.GetYourBeerTests";
				PRODUCT_NAME = "$(TARGET_NAME)";
				SDKROOT = auto;
				SUPPORTED_PLATFORMS = "iphoneos iphonesimulator macosx";
				SWIFT_EMIT_LOC_STRINGS = NO;
				SWIFT_VERSION = 5.0;
				TARGETED_DEVICE_FAMILY = "1,2";
				TEST_HOST = "$(BUILT_PRODUCTS_DIR)/GetYourBeer.app/$(BUNDLE_EXECUTABLE_FOLDER_PATH)/GetYourBeer";
			};
			name = Release;
		};
		C103905E2AF3D997008DA3AA /* Debug */ = {
			isa = XCBuildConfiguration;
			buildSettings = {
				ALWAYS_EMBED_SWIFT_STANDARD_LIBRARIES = YES;
				CODE_SIGN_STYLE = Automatic;
				CURRENT_PROJECT_VERSION = 1;
				DEVELOPMENT_TEAM = T2U7DM6ZUY;
				GENERATE_INFOPLIST_FILE = YES;
				IPHONEOS_DEPLOYMENT_TARGET = 17.0;
				MACOSX_DEPLOYMENT_TARGET = 14.0;
				MARKETING_VERSION = 1.0;
				PRODUCT_BUNDLE_IDENTIFIER = "-.GetYourBeerUITests";
				PRODUCT_NAME = "$(TARGET_NAME)";
				SDKROOT = auto;
				SUPPORTED_PLATFORMS = "iphoneos iphonesimulator macosx";
				SWIFT_EMIT_LOC_STRINGS = NO;
				SWIFT_VERSION = 5.0;
				TARGETED_DEVICE_FAMILY = "1,2";
				TEST_TARGET_NAME = GetYourBeer;
			};
			name = Debug;
		};
		C103905F2AF3D997008DA3AA /* Release */ = {
			isa = XCBuildConfiguration;
			buildSettings = {
				ALWAYS_EMBED_SWIFT_STANDARD_LIBRARIES = YES;
				CODE_SIGN_STYLE = Automatic;
				CURRENT_PROJECT_VERSION = 1;
				DEVELOPMENT_TEAM = T2U7DM6ZUY;
				GENERATE_INFOPLIST_FILE = YES;
				IPHONEOS_DEPLOYMENT_TARGET = 17.0;
				MACOSX_DEPLOYMENT_TARGET = 14.0;
				MARKETING_VERSION = 1.0;
				PRODUCT_BUNDLE_IDENTIFIER = "-.GetYourBeerUITests";
				PRODUCT_NAME = "$(TARGET_NAME)";
				SDKROOT = auto;
				SUPPORTED_PLATFORMS = "iphoneos iphonesimulator macosx";
				SWIFT_EMIT_LOC_STRINGS = NO;
				SWIFT_VERSION = 5.0;
				TARGETED_DEVICE_FAMILY = "1,2";
				TEST_TARGET_NAME = GetYourBeer;
			};
			name = Release;
		};
/* End XCBuildConfiguration section */

/* Begin XCConfigurationList section */
		C103902D2AF3D995008DA3AA /* Build configuration list for PBXProject "GetYourBeer" */ = {
			isa = XCConfigurationList;
			buildConfigurations = (
				C10390552AF3D997008DA3AA /* Debug */,
				C10390562AF3D997008DA3AA /* Release */,
			);
			defaultConfigurationIsVisible = 0;
			defaultConfigurationName = Release;
		};
		C10390572AF3D997008DA3AA /* Build configuration list for PBXNativeTarget "GetYourBeer" */ = {
			isa = XCConfigurationList;
			buildConfigurations = (
				C10390582AF3D997008DA3AA /* Debug */,
				C10390592AF3D997008DA3AA /* Release */,
			);
			defaultConfigurationIsVisible = 0;
			defaultConfigurationName = Release;
		};
		C103905A2AF3D997008DA3AA /* Build configuration list for PBXNativeTarget "GetYourBeerTests" */ = {
			isa = XCConfigurationList;
			buildConfigurations = (
				C103905B2AF3D997008DA3AA /* Debug */,
				C103905C2AF3D997008DA3AA /* Release */,
			);
			defaultConfigurationIsVisible = 0;
			defaultConfigurationName = Release;
		};
		C103905D2AF3D997008DA3AA /* Build configuration list for PBXNativeTarget "GetYourBeerUITests" */ = {
			isa = XCConfigurationList;
			buildConfigurations = (
				C103905E2AF3D997008DA3AA /* Debug */,
				C103905F2AF3D997008DA3AA /* Release */,
			);
			defaultConfigurationIsVisible = 0;
			defaultConfigurationName = Release;
		};
/* End XCConfigurationList section */
	};
	rootObject = C103902A2AF3D995008DA3AA /* Project object */;
}
